// !$*UTF8*$!
{
	archiveVersion = 1;
	classes = {
	};
	objectVersion = 46;
	objects = {

/* Begin PBXBuildFile section */
		20AA0FBCEEF18BB5B4BF6673 /* libPods-ShareCode.a in Frameworks */ = {isa = PBXBuildFile; fileRef = 1E58015A0ECF28FE0A3DC8EE /* libPods-ShareCode.a */; };
		681C42C51D50956800325612 /* AFNetworkTool.m in Sources */ = {isa = PBXBuildFile; fileRef = 681C42C41D50956800325612 /* AFNetworkTool.m */; settings = {ASSET_TAGS = (); }; };
		682A423C1D517FD100CE2723 /* SDLPublicViewController.m in Sources */ = {isa = PBXBuildFile; fileRef = 682A423B1D517FD100CE2723 /* SDLPublicViewController.m */; settings = {ASSET_TAGS = (); }; };
		682A424A1D5187B000CE2723 /* SDLUserModel.m in Sources */ = {isa = PBXBuildFile; fileRef = 682A42481D5187B000CE2723 /* SDLUserModel.m */; settings = {ASSET_TAGS = (); }; };
		682A424D1D51881500CE2723 /* SDLData.m in Sources */ = {isa = PBXBuildFile; fileRef = 682A424C1D51881500CE2723 /* SDLData.m */; settings = {ASSET_TAGS = (); }; };
		682A42501D5188B000CE2723 /* SDLLoginViewController.m in Sources */ = {isa = PBXBuildFile; fileRef = 682A424F1D5188B000CE2723 /* SDLLoginViewController.m */; settings = {ASSET_TAGS = (); }; };
		682A42EA1D519DA900CE2723 /* NSDate+Formatter.m in Sources */ = {isa = PBXBuildFile; fileRef = 682A42541D519DA800CE2723 /* NSDate+Formatter.m */; settings = {ASSET_TAGS = (); }; };
		682A42EB1D519DA900CE2723 /* NSDate+Helper.m in Sources */ = {isa = PBXBuildFile; fileRef = 682A42561D519DA800CE2723 /* NSDate+Helper.m */; settings = {ASSET_TAGS = (); }; };
		682A42EC1D519DA900CE2723 /* NSDate+Reporting.m in Sources */ = {isa = PBXBuildFile; fileRef = 682A42581D519DA800CE2723 /* NSDate+Reporting.m */; settings = {ASSET_TAGS = (); }; };
		682A42ED1D519DA900CE2723 /* NSDate+Utilities.m in Sources */ = {isa = PBXBuildFile; fileRef = 682A425A1D519DA800CE2723 /* NSDate+Utilities.m */; settings = {ASSET_TAGS = (); }; };
		682A42EE1D519DA900CE2723 /* NSDictionary+JSONString.m in Sources */ = {isa = PBXBuildFile; fileRef = 682A425D1D519DA800CE2723 /* NSDictionary+JSONString.m */; settings = {ASSET_TAGS = (); }; };
		682A42EF1D519DA900CE2723 /* NSDictionary+Merge.m in Sources */ = {isa = PBXBuildFile; fileRef = 682A425F1D519DA800CE2723 /* NSDictionary+Merge.m */; settings = {ASSET_TAGS = (); }; };
		682A42F01D519DA900CE2723 /* NSDictionary+SafeAccess.m in Sources */ = {isa = PBXBuildFile; fileRef = 682A42611D519DA800CE2723 /* NSDictionary+SafeAccess.m */; settings = {ASSET_TAGS = (); }; };
		682A42F11D519DA900CE2723 /* NSDictionary+URL.m in Sources */ = {isa = PBXBuildFile; fileRef = 682A42631D519DA800CE2723 /* NSDictionary+URL.m */; settings = {ASSET_TAGS = (); }; };
		682A42F21D519DA900CE2723 /* NSObject+AppInfo.m in Sources */ = {isa = PBXBuildFile; fileRef = 682A42661D519DA800CE2723 /* NSObject+AppInfo.m */; settings = {ASSET_TAGS = (); }; };
		682A42F31D519DA900CE2723 /* NSObject+AutoCoding.m in Sources */ = {isa = PBXBuildFile; fileRef = 682A42681D519DA800CE2723 /* NSObject+AutoCoding.m */; settings = {ASSET_TAGS = (); }; };
		682A42F41D519DA900CE2723 /* NSObject+GCD.m in Sources */ = {isa = PBXBuildFile; fileRef = 682A426A1D519DA800CE2723 /* NSObject+GCD.m */; settings = {ASSET_TAGS = (); }; };
		682A42F51D519DA900CE2723 /* NSObject+KVOBlocks.m in Sources */ = {isa = PBXBuildFile; fileRef = 682A426C1D519DA800CE2723 /* NSObject+KVOBlocks.m */; settings = {ASSET_TAGS = (); }; };
		682A42F61D519DA900CE2723 /* NSObject+Property.m in Sources */ = {isa = PBXBuildFile; fileRef = 682A426E1D519DA800CE2723 /* NSObject+Property.m */; settings = {ASSET_TAGS = (); }; };
		682A42F71D519DA900CE2723 /* NSObject+Runtime.m in Sources */ = {isa = PBXBuildFile; fileRef = 682A42701D519DA800CE2723 /* NSObject+Runtime.m */; settings = {ASSET_TAGS = (); }; };
		682A42F81D519DA900CE2723 /* NSString+JsonValue.m in Sources */ = {isa = PBXBuildFile; fileRef = 682A42731D519DA800CE2723 /* NSString+JsonValue.m */; settings = {ASSET_TAGS = (); }; };
		682A42F91D519DA900CE2723 /* NSString+MD5.m in Sources */ = {isa = PBXBuildFile; fileRef = 682A42751D519DA800CE2723 /* NSString+MD5.m */; settings = {ASSET_TAGS = (); }; };
		682A42FA1D519DA900CE2723 /* NSString+RegexCategory.m in Sources */ = {isa = PBXBuildFile; fileRef = 682A42771D519DA800CE2723 /* NSString+RegexCategory.m */; settings = {ASSET_TAGS = (); }; };
		682A42FB1D519DA900CE2723 /* NSString+Size.m in Sources */ = {isa = PBXBuildFile; fileRef = 682A42791D519DA800CE2723 /* NSString+Size.m */; settings = {ASSET_TAGS = (); }; };
		682A42FC1D519DA900CE2723 /* NSString+Trims.m in Sources */ = {isa = PBXBuildFile; fileRef = 682A427B1D519DA800CE2723 /* NSString+Trims.m */; settings = {ASSET_TAGS = (); }; };
		682A42FD1D519DA900CE2723 /* NSString+UrlEncode.m in Sources */ = {isa = PBXBuildFile; fileRef = 682A427D1D519DA800CE2723 /* NSString+UrlEncode.m */; settings = {ASSET_TAGS = (); }; };
		682A42FE1D519DA900CE2723 /* NSTimer+Addition.m in Sources */ = {isa = PBXBuildFile; fileRef = 682A42801D519DA800CE2723 /* NSTimer+Addition.m */; settings = {ASSET_TAGS = (); }; };
		682A42FF1D519DA900CE2723 /* NSTimer+Blocks.m in Sources */ = {isa = PBXBuildFile; fileRef = 682A42821D519DA800CE2723 /* NSTimer+Blocks.m */; settings = {ASSET_TAGS = (); }; };
		682A43001D519DA900CE2723 /* UIAlertView+Block.m in Sources */ = {isa = PBXBuildFile; fileRef = 682A42851D519DA800CE2723 /* UIAlertView+Block.m */; settings = {ASSET_TAGS = (); }; };
		682A43011D519DA900CE2723 /* UIApplication+ApplicationSize.m in Sources */ = {isa = PBXBuildFile; fileRef = 682A42881D519DA800CE2723 /* UIApplication+ApplicationSize.m */; settings = {ASSET_TAGS = (); }; };
		682A43021D519DA900CE2723 /* UIApplication+Permissions.m in Sources */ = {isa = PBXBuildFile; fileRef = 682A428A1D519DA800CE2723 /* UIApplication+Permissions.m */; settings = {ASSET_TAGS = (); }; };
		682A43031D519DA900CE2723 /* UIButton+BackgroundColor.m in Sources */ = {isa = PBXBuildFile; fileRef = 682A428D1D519DA800CE2723 /* UIButton+BackgroundColor.m */; settings = {ASSET_TAGS = (); }; };
		682A43041D519DA900CE2723 /* UIButton+Submitting.m in Sources */ = {isa = PBXBuildFile; fileRef = 682A428F1D519DA800CE2723 /* UIButton+Submitting.m */; settings = {ASSET_TAGS = (); }; };
		682A43051D519DA900CE2723 /* UIButton+TouchAreaInsets.m in Sources */ = {isa = PBXBuildFile; fileRef = 682A42911D519DA800CE2723 /* UIButton+TouchAreaInsets.m */; settings = {ASSET_TAGS = (); }; };
		682A43061D519DA900CE2723 /* UIControl+ActionBlocks.m in Sources */ = {isa = PBXBuildFile; fileRef = 682A42941D519DA800CE2723 /* UIControl+ActionBlocks.m */; settings = {ASSET_TAGS = (); }; };
		682A43071D519DA900CE2723 /* UIImage+Alpha.m in Sources */ = {isa = PBXBuildFile; fileRef = 682A42971D519DA800CE2723 /* UIImage+Alpha.m */; settings = {ASSET_TAGS = (); }; };
		682A43081D519DA900CE2723 /* UIImage+Blur.m in Sources */ = {isa = PBXBuildFile; fileRef = 682A42991D519DA800CE2723 /* UIImage+Blur.m */; settings = {ASSET_TAGS = (); }; };
		682A43091D519DA900CE2723 /* UIImage+CalculatedSize.m in Sources */ = {isa = PBXBuildFile; fileRef = 682A429B1D519DA800CE2723 /* UIImage+CalculatedSize.m */; settings = {ASSET_TAGS = (); }; };
		682A430A1D519DA900CE2723 /* UIImage+Capture.m in Sources */ = {isa = PBXBuildFile; fileRef = 682A429D1D519DA800CE2723 /* UIImage+Capture.m */; settings = {ASSET_TAGS = (); }; };
		682A430B1D519DA900CE2723 /* UIImage+Color.m in Sources */ = {isa = PBXBuildFile; fileRef = 682A429F1D519DA800CE2723 /* UIImage+Color.m */; settings = {ASSET_TAGS = (); }; };
		682A430C1D519DA900CE2723 /* UIImage+FileName.m in Sources */ = {isa = PBXBuildFile; fileRef = 682A42A11D519DA800CE2723 /* UIImage+FileName.m */; settings = {ASSET_TAGS = (); }; };
		682A430D1D519DA900CE2723 /* UIImage+FX.m in Sources */ = {isa = PBXBuildFile; fileRef = 682A42A31D519DA800CE2723 /* UIImage+FX.m */; settings = {ASSET_TAGS = (); }; };
		682A430E1D519DA900CE2723 /* UIImage+Resize.m in Sources */ = {isa = PBXBuildFile; fileRef = 682A42A51D519DA900CE2723 /* UIImage+Resize.m */; settings = {ASSET_TAGS = (); }; };
		682A430F1D519DA900CE2723 /* UIImage+RoundedCorner.m in Sources */ = {isa = PBXBuildFile; fileRef = 682A42A71D519DA900CE2723 /* UIImage+RoundedCorner.m */; settings = {ASSET_TAGS = (); }; };
		682A43101D519DA900CE2723 /* UIImage+Tint.m in Sources */ = {isa = PBXBuildFile; fileRef = 682A42A91D519DA900CE2723 /* UIImage+Tint.m */; settings = {ASSET_TAGS = (); }; };
		682A43111D519DA900CE2723 /* UIImageView+Addition.m in Sources */ = {isa = PBXBuildFile; fileRef = 682A42AC1D519DA900CE2723 /* UIImageView+Addition.m */; settings = {ASSET_TAGS = (); }; };
		682A43121D519DA900CE2723 /* UIImageView+BetterFace.m in Sources */ = {isa = PBXBuildFile; fileRef = 682A42AE1D519DA900CE2723 /* UIImageView+BetterFace.m */; settings = {ASSET_TAGS = (); }; };
		682A43131D519DA900CE2723 /* UIImageView+FaceAwareFill.m in Sources */ = {isa = PBXBuildFile; fileRef = 682A42B01D519DA900CE2723 /* UIImageView+FaceAwareFill.m */; settings = {ASSET_TAGS = (); }; };
		682A43141D519DA900CE2723 /* UIImageView+Letters.m in Sources */ = {isa = PBXBuildFile; fileRef = 682A42B21D519DA900CE2723 /* UIImageView+Letters.m */; settings = {ASSET_TAGS = (); }; };
		682A43151D519DA900CE2723 /* UIImageView+Reflect.m in Sources */ = {isa = PBXBuildFile; fileRef = 682A42B41D519DA900CE2723 /* UIImageView+Reflect.m */; settings = {ASSET_TAGS = (); }; };
		682A43161D519DA900CE2723 /* UINavigationController+BATransitions.m in Sources */ = {isa = PBXBuildFile; fileRef = 682A42B71D519DA900CE2723 /* UINavigationController+BATransitions.m */; settings = {ASSET_TAGS = (); }; };
		682A43171D519DA900CE2723 /* UINavigationController+FDFullscreenPopGesture.m in Sources */ = {isa = PBXBuildFile; fileRef = 682A42B91D519DA900CE2723 /* UINavigationController+FDFullscreenPopGesture.m */; settings = {ASSET_TAGS = (); }; };
		682A43181D519DA900CE2723 /* UINavigationController+JZExtension.m in Sources */ = {isa = PBXBuildFile; fileRef = 682A42BB1D519DA900CE2723 /* UINavigationController+JZExtension.m */; settings = {ASSET_TAGS = (); }; };
		682A43191D519DA900CE2723 /* UINavigationItem+Loading.m in Sources */ = {isa = PBXBuildFile; fileRef = 682A42BE1D519DA900CE2723 /* UINavigationItem+Loading.m */; settings = {ASSET_TAGS = (); }; };
		682A431A1D519DA900CE2723 /* UINavigationItem+Lock.m in Sources */ = {isa = PBXBuildFile; fileRef = 682A42C01D519DA900CE2723 /* UINavigationItem+Lock.m */; settings = {ASSET_TAGS = (); }; };
		682A431B1D519DA900CE2723 /* UINavigationItem+Margin.m in Sources */ = {isa = PBXBuildFile; fileRef = 682A42C21D519DA900CE2723 /* UINavigationItem+Margin.m */; settings = {ASSET_TAGS = (); }; };
		682A431D1D519DA900CE2723 /* UITableViewCell+Config.m in Sources */ = {isa = PBXBuildFile; fileRef = 682A42C81D519DA900CE2723 /* UITableViewCell+Config.m */; settings = {ASSET_TAGS = (); }; };
		682A431E1D519DA900CE2723 /* UIView+Animation.m in Sources */ = {isa = PBXBuildFile; fileRef = 682A42CB1D519DA900CE2723 /* UIView+Animation.m */; settings = {ASSET_TAGS = (); }; };
		682A43201D519DA900CE2723 /* UIView+Borders.m in Sources */ = {isa = PBXBuildFile; fileRef = 682A42CF1D519DA900CE2723 /* UIView+Borders.m */; settings = {ASSET_TAGS = (); }; };
		682A43211D519DA900CE2723 /* UIView+draggable.m in Sources */ = {isa = PBXBuildFile; fileRef = 682A42D11D519DA900CE2723 /* UIView+draggable.m */; settings = {ASSET_TAGS = (); }; };
		682A43221D519DA900CE2723 /* UIView+GestureCallback.m in Sources */ = {isa = PBXBuildFile; fileRef = 682A42D31D519DA900CE2723 /* UIView+GestureCallback.m */; settings = {ASSET_TAGS = (); }; };
		682A43231D519DA900CE2723 /* UIView+Screenshot.m in Sources */ = {isa = PBXBuildFile; fileRef = 682A42D51D519DA900CE2723 /* UIView+Screenshot.m */; settings = {ASSET_TAGS = (); }; };
		682A43241D519DA900CE2723 /* UIView+Shadow.m in Sources */ = {isa = PBXBuildFile; fileRef = 682A42D71D519DA900CE2723 /* UIView+Shadow.m */; settings = {ASSET_TAGS = (); }; };
		682A43251D519DA900CE2723 /* UIView+Shake.m in Sources */ = {isa = PBXBuildFile; fileRef = 682A42D91D519DA900CE2723 /* UIView+Shake.m */; settings = {ASSET_TAGS = (); }; };
		682A43261D519DA900CE2723 /* UIView+ViewController.m in Sources */ = {isa = PBXBuildFile; fileRef = 682A42DB1D519DA900CE2723 /* UIView+ViewController.m */; settings = {ASSET_TAGS = (); }; };
		682A43271D519DA900CE2723 /* UIView+Visuals.m in Sources */ = {isa = PBXBuildFile; fileRef = 682A42DD1D519DA900CE2723 /* UIView+Visuals.m */; settings = {ASSET_TAGS = (); }; };
		682A43281D519DA900CE2723 /* UIViewController+BackButtonHandler.m in Sources */ = {isa = PBXBuildFile; fileRef = 682A42E01D519DA900CE2723 /* UIViewController+BackButtonHandler.m */; settings = {ASSET_TAGS = (); }; };
		682A43291D519DA900CE2723 /* UIViewController+BackButtonItemTitle.m in Sources */ = {isa = PBXBuildFile; fileRef = 682A42E21D519DA900CE2723 /* UIViewController+BackButtonItemTitle.m */; settings = {ASSET_TAGS = (); }; };
		682A432A1D519DA900CE2723 /* UIViewController+MJPopupViewController.m in Sources */ = {isa = PBXBuildFile; fileRef = 682A42E41D519DA900CE2723 /* UIViewController+MJPopupViewController.m */; settings = {ASSET_TAGS = (); }; };
		682A432B1D519DA900CE2723 /* NSMutableString+TagReplace.m in Sources */ = {isa = PBXBuildFile; fileRef = 682A42E71D519DA900CE2723 /* NSMutableString+TagReplace.m */; settings = {ASSET_TAGS = (); }; };
		682A432C1D519DA900CE2723 /* NSString+WPAttributedMarkup.m in Sources */ = {isa = PBXBuildFile; fileRef = 682A42E91D519DA900CE2723 /* NSString+WPAttributedMarkup.m */; settings = {ASSET_TAGS = (); }; };
		682A432F1D51C15C00CE2723 /* SDLForgetViewController.m in Sources */ = {isa = PBXBuildFile; fileRef = 682A432E1D51C15C00CE2723 /* SDLForgetViewController.m */; settings = {ASSET_TAGS = (); }; };
		682A43321D51C3C700CE2723 /* SDLRegisterViewController.m in Sources */ = {isa = PBXBuildFile; fileRef = 682A43311D51C3C700CE2723 /* SDLRegisterViewController.m */; settings = {ASSET_TAGS = (); }; };
		6836D7941D50836C00194ED9 /* main.m in Sources */ = {isa = PBXBuildFile; fileRef = 6836D7931D50836C00194ED9 /* main.m */; };
		6836D7971D50836C00194ED9 /* AppDelegate.m in Sources */ = {isa = PBXBuildFile; fileRef = 6836D7961D50836C00194ED9 /* AppDelegate.m */; };
		6836D79A1D50836C00194ED9 /* ViewController.m in Sources */ = {isa = PBXBuildFile; fileRef = 6836D7991D50836C00194ED9 /* ViewController.m */; };
		6836D79D1D50836C00194ED9 /* Main.storyboard in Resources */ = {isa = PBXBuildFile; fileRef = 6836D79B1D50836C00194ED9 /* Main.storyboard */; };
		6836D79F1D50836C00194ED9 /* Assets.xcassets in Resources */ = {isa = PBXBuildFile; fileRef = 6836D79E1D50836C00194ED9 /* Assets.xcassets */; };
		6836D7A21D50836C00194ED9 /* LaunchScreen.storyboard in Resources */ = {isa = PBXBuildFile; fileRef = 6836D7A01D50836C00194ED9 /* LaunchScreen.storyboard */; };
		6836D7AD1D50836C00194ED9 /* ShareCodeTests.m in Sources */ = {isa = PBXBuildFile; fileRef = 6836D7AC1D50836C00194ED9 /* ShareCodeTests.m */; };
		6836D7B81D50836D00194ED9 /* ShareCodeUITests.m in Sources */ = {isa = PBXBuildFile; fileRef = 6836D7B71D50836D00194ED9 /* ShareCodeUITests.m */; };
		689953461D51E9F9000D2549 /* QFCodeShareInit.m in Sources */ = {isa = PBXBuildFile; fileRef = 689953441D51E9F9000D2549 /* QFCodeShareInit.m */; settings = {ASSET_TAGS = (); }; };
		6899534D1D51F083000D2549 /* TAlertView.m in Sources */ = {isa = PBXBuildFile; fileRef = 6899534A1D51F083000D2549 /* TAlertView.m */; settings = {ASSET_TAGS = (); }; };
		6899534E1D51F083000D2549 /* UIScrollView+_DScrollView.m in Sources */ = {isa = PBXBuildFile; fileRef = 6899534C1D51F083000D2549 /* UIScrollView+_DScrollView.m */; settings = {ASSET_TAGS = (); }; };
		B4B3BA8A95D84F7B1F70A615 /* libPods-ShareCodeUITests.a in Frameworks */ = {isa = PBXBuildFile; fileRef = B9A0CC24566BEC366F26630E /* libPods-ShareCodeUITests.a */; };
		BE76C68A3DBDF1D8DDD5CA6D /* libPods-ShareCodeTests.a in Frameworks */ = {isa = PBXBuildFile; fileRef = 5755AEE77F31D1F5E4785402 /* libPods-ShareCodeTests.a */; };
/* End PBXBuildFile section */

/* Begin PBXContainerItemProxy section */
		6836D7A91D50836C00194ED9 /* PBXContainerItemProxy */ = {
			isa = PBXContainerItemProxy;
			containerPortal = 6836D7871D50836C00194ED9 /* Project object */;
			proxyType = 1;
			remoteGlobalIDString = 6836D78E1D50836C00194ED9;
			remoteInfo = ShareCode;
		};
		6836D7B41D50836C00194ED9 /* PBXContainerItemProxy */ = {
			isa = PBXContainerItemProxy;
			containerPortal = 6836D7871D50836C00194ED9 /* Project object */;
			proxyType = 1;
			remoteGlobalIDString = 6836D78E1D50836C00194ED9;
			remoteInfo = ShareCode;
		};
/* End PBXContainerItemProxy section */

/* Begin PBXFileReference section */
		087B97A582E3B185F7C98A79 /* Pods-ShareCode.debug.xcconfig */ = {isa = PBXFileReference; includeInIndex = 1; lastKnownFileType = text.xcconfig; name = "Pods-ShareCode.debug.xcconfig"; path = "Pods/Target Support Files/Pods-ShareCode/Pods-ShareCode.debug.xcconfig"; sourceTree = "<group>"; };
		1206ABA57B3E503896FED333 /* Pods-ShareCodeUITests.debug.xcconfig */ = {isa = PBXFileReference; includeInIndex = 1; lastKnownFileType = text.xcconfig; name = "Pods-ShareCodeUITests.debug.xcconfig"; path = "Pods/Target Support Files/Pods-ShareCodeUITests/Pods-ShareCodeUITests.debug.xcconfig"; sourceTree = "<group>"; };
		1E58015A0ECF28FE0A3DC8EE /* libPods-ShareCode.a */ = {isa = PBXFileReference; explicitFileType = archive.ar; includeInIndex = 0; path = "libPods-ShareCode.a"; sourceTree = BUILT_PRODUCTS_DIR; };
		30FD21A2E242764679834A06 /* Pods-ShareCodeTests.release.xcconfig */ = {isa = PBXFileReference; includeInIndex = 1; lastKnownFileType = text.xcconfig; name = "Pods-ShareCodeTests.release.xcconfig"; path = "Pods/Target Support Files/Pods-ShareCodeTests/Pods-ShareCodeTests.release.xcconfig"; sourceTree = "<group>"; };
		5755AEE77F31D1F5E4785402 /* libPods-ShareCodeTests.a */ = {isa = PBXFileReference; explicitFileType = archive.ar; includeInIndex = 0; path = "libPods-ShareCodeTests.a"; sourceTree = BUILT_PRODUCTS_DIR; };
		5976013A321CAD4B75A28718 /* Pods-ShareCodeTests.debug.xcconfig */ = {isa = PBXFileReference; includeInIndex = 1; lastKnownFileType = text.xcconfig; name = "Pods-ShareCodeTests.debug.xcconfig"; path = "Pods/Target Support Files/Pods-ShareCodeTests/Pods-ShareCodeTests.debug.xcconfig"; sourceTree = "<group>"; };
		681C42C31D50956800325612 /* AFNetworkTool.h */ = {isa = PBXFileReference; fileEncoding = 4; lastKnownFileType = sourcecode.c.h; path = AFNetworkTool.h; sourceTree = "<group>"; };
		681C42C41D50956800325612 /* AFNetworkTool.m */ = {isa = PBXFileReference; fileEncoding = 4; lastKnownFileType = sourcecode.c.objc; path = AFNetworkTool.m; sourceTree = "<group>"; };
		682A423A1D517FD100CE2723 /* SDLPublicViewController.h */ = {isa = PBXFileReference; fileEncoding = 4; lastKnownFileType = sourcecode.c.h; path = SDLPublicViewController.h; sourceTree = "<group>"; };
		682A423B1D517FD100CE2723 /* SDLPublicViewController.m */ = {isa = PBXFileReference; fileEncoding = 4; lastKnownFileType = sourcecode.c.objc; path = SDLPublicViewController.m; sourceTree = "<group>"; };
		682A42471D5187B000CE2723 /* SDLUserModel.h */ = {isa = PBXFileReference; fileEncoding = 4; lastKnownFileType = sourcecode.c.h; path = SDLUserModel.h; sourceTree = "<group>"; };
		682A42481D5187B000CE2723 /* SDLUserModel.m */ = {isa = PBXFileReference; fileEncoding = 4; lastKnownFileType = sourcecode.c.objc; path = SDLUserModel.m; sourceTree = "<group>"; };
		682A424B1D51881500CE2723 /* SDLData.h */ = {isa = PBXFileReference; fileEncoding = 4; lastKnownFileType = sourcecode.c.h; path = SDLData.h; sourceTree = "<group>"; };
		682A424C1D51881500CE2723 /* SDLData.m */ = {isa = PBXFileReference; fileEncoding = 4; lastKnownFileType = sourcecode.c.objc; path = SDLData.m; sourceTree = "<group>"; };
		682A424E1D5188B000CE2723 /* SDLLoginViewController.h */ = {isa = PBXFileReference; fileEncoding = 4; lastKnownFileType = sourcecode.c.h; path = SDLLoginViewController.h; sourceTree = "<group>"; };
		682A424F1D5188B000CE2723 /* SDLLoginViewController.m */ = {isa = PBXFileReference; fileEncoding = 4; lastKnownFileType = sourcecode.c.objc; path = SDLLoginViewController.m; sourceTree = "<group>"; };
		682A42531D519DA800CE2723 /* NSDate+Formatter.h */ = {isa = PBXFileReference; fileEncoding = 4; lastKnownFileType = sourcecode.c.h; path = "NSDate+Formatter.h"; sourceTree = "<group>"; };
		682A42541D519DA800CE2723 /* NSDate+Formatter.m */ = {isa = PBXFileReference; fileEncoding = 4; lastKnownFileType = sourcecode.c.objc; path = "NSDate+Formatter.m"; sourceTree = "<group>"; };
		682A42551D519DA800CE2723 /* NSDate+Helper.h */ = {isa = PBXFileReference; fileEncoding = 4; lastKnownFileType = sourcecode.c.h; path = "NSDate+Helper.h"; sourceTree = "<group>"; };
		682A42561D519DA800CE2723 /* NSDate+Helper.m */ = {isa = PBXFileReference; fileEncoding = 4; lastKnownFileType = sourcecode.c.objc; path = "NSDate+Helper.m"; sourceTree = "<group>"; };
		682A42571D519DA800CE2723 /* NSDate+Reporting.h */ = {isa = PBXFileReference; fileEncoding = 4; lastKnownFileType = sourcecode.c.h; path = "NSDate+Reporting.h"; sourceTree = "<group>"; };
		682A42581D519DA800CE2723 /* NSDate+Reporting.m */ = {isa = PBXFileReference; fileEncoding = 4; lastKnownFileType = sourcecode.c.objc; path = "NSDate+Reporting.m"; sourceTree = "<group>"; };
		682A42591D519DA800CE2723 /* NSDate+Utilities.h */ = {isa = PBXFileReference; fileEncoding = 4; lastKnownFileType = sourcecode.c.h; path = "NSDate+Utilities.h"; sourceTree = "<group>"; };
		682A425A1D519DA800CE2723 /* NSDate+Utilities.m */ = {isa = PBXFileReference; fileEncoding = 4; lastKnownFileType = sourcecode.c.objc; path = "NSDate+Utilities.m"; sourceTree = "<group>"; };
		682A425C1D519DA800CE2723 /* NSDictionary+JSONString.h */ = {isa = PBXFileReference; fileEncoding = 4; lastKnownFileType = sourcecode.c.h; path = "NSDictionary+JSONString.h"; sourceTree = "<group>"; };
		682A425D1D519DA800CE2723 /* NSDictionary+JSONString.m */ = {isa = PBXFileReference; fileEncoding = 4; lastKnownFileType = sourcecode.c.objc; path = "NSDictionary+JSONString.m"; sourceTree = "<group>"; };
		682A425E1D519DA800CE2723 /* NSDictionary+Merge.h */ = {isa = PBXFileReference; fileEncoding = 4; lastKnownFileType = sourcecode.c.h; path = "NSDictionary+Merge.h"; sourceTree = "<group>"; };
		682A425F1D519DA800CE2723 /* NSDictionary+Merge.m */ = {isa = PBXFileReference; fileEncoding = 4; lastKnownFileType = sourcecode.c.objc; path = "NSDictionary+Merge.m"; sourceTree = "<group>"; };
		682A42601D519DA800CE2723 /* NSDictionary+SafeAccess.h */ = {isa = PBXFileReference; fileEncoding = 4; lastKnownFileType = sourcecode.c.h; path = "NSDictionary+SafeAccess.h"; sourceTree = "<group>"; };
		682A42611D519DA800CE2723 /* NSDictionary+SafeAccess.m */ = {isa = PBXFileReference; fileEncoding = 4; lastKnownFileType = sourcecode.c.objc; path = "NSDictionary+SafeAccess.m"; sourceTree = "<group>"; };
		682A42621D519DA800CE2723 /* NSDictionary+URL.h */ = {isa = PBXFileReference; fileEncoding = 4; lastKnownFileType = sourcecode.c.h; path = "NSDictionary+URL.h"; sourceTree = "<group>"; };
		682A42631D519DA800CE2723 /* NSDictionary+URL.m */ = {isa = PBXFileReference; fileEncoding = 4; lastKnownFileType = sourcecode.c.objc; path = "NSDictionary+URL.m"; sourceTree = "<group>"; };
		682A42651D519DA800CE2723 /* NSObject+AppInfo.h */ = {isa = PBXFileReference; fileEncoding = 4; lastKnownFileType = sourcecode.c.h; path = "NSObject+AppInfo.h"; sourceTree = "<group>"; };
		682A42661D519DA800CE2723 /* NSObject+AppInfo.m */ = {isa = PBXFileReference; fileEncoding = 4; lastKnownFileType = sourcecode.c.objc; path = "NSObject+AppInfo.m"; sourceTree = "<group>"; };
		682A42671D519DA800CE2723 /* NSObject+AutoCoding.h */ = {isa = PBXFileReference; fileEncoding = 4; lastKnownFileType = sourcecode.c.h; path = "NSObject+AutoCoding.h"; sourceTree = "<group>"; };
		682A42681D519DA800CE2723 /* NSObject+AutoCoding.m */ = {isa = PBXFileReference; fileEncoding = 4; lastKnownFileType = sourcecode.c.objc; path = "NSObject+AutoCoding.m"; sourceTree = "<group>"; };
		682A42691D519DA800CE2723 /* NSObject+GCD.h */ = {isa = PBXFileReference; fileEncoding = 4; lastKnownFileType = sourcecode.c.h; path = "NSObject+GCD.h"; sourceTree = "<group>"; };
		682A426A1D519DA800CE2723 /* NSObject+GCD.m */ = {isa = PBXFileReference; fileEncoding = 4; lastKnownFileType = sourcecode.c.objc; path = "NSObject+GCD.m"; sourceTree = "<group>"; };
		682A426B1D519DA800CE2723 /* NSObject+KVOBlocks.h */ = {isa = PBXFileReference; fileEncoding = 4; lastKnownFileType = sourcecode.c.h; path = "NSObject+KVOBlocks.h"; sourceTree = "<group>"; };
		682A426C1D519DA800CE2723 /* NSObject+KVOBlocks.m */ = {isa = PBXFileReference; fileEncoding = 4; lastKnownFileType = sourcecode.c.objc; path = "NSObject+KVOBlocks.m"; sourceTree = "<group>"; };
		682A426D1D519DA800CE2723 /* NSObject+Property.h */ = {isa = PBXFileReference; fileEncoding = 4; lastKnownFileType = sourcecode.c.h; path = "NSObject+Property.h"; sourceTree = "<group>"; };
		682A426E1D519DA800CE2723 /* NSObject+Property.m */ = {isa = PBXFileReference; fileEncoding = 4; lastKnownFileType = sourcecode.c.objc; path = "NSObject+Property.m"; sourceTree = "<group>"; };
		682A426F1D519DA800CE2723 /* NSObject+Runtime.h */ = {isa = PBXFileReference; fileEncoding = 4; lastKnownFileType = sourcecode.c.h; path = "NSObject+Runtime.h"; sourceTree = "<group>"; };
		682A42701D519DA800CE2723 /* NSObject+Runtime.m */ = {isa = PBXFileReference; fileEncoding = 4; lastKnownFileType = sourcecode.c.objc; path = "NSObject+Runtime.m"; sourceTree = "<group>"; };
		682A42721D519DA800CE2723 /* NSString+JsonValue.h */ = {isa = PBXFileReference; fileEncoding = 4; lastKnownFileType = sourcecode.c.h; path = "NSString+JsonValue.h"; sourceTree = "<group>"; };
		682A42731D519DA800CE2723 /* NSString+JsonValue.m */ = {isa = PBXFileReference; fileEncoding = 4; lastKnownFileType = sourcecode.c.objc; path = "NSString+JsonValue.m"; sourceTree = "<group>"; };
		682A42741D519DA800CE2723 /* NSString+MD5.h */ = {isa = PBXFileReference; fileEncoding = 4; lastKnownFileType = sourcecode.c.h; path = "NSString+MD5.h"; sourceTree = "<group>"; };
		682A42751D519DA800CE2723 /* NSString+MD5.m */ = {isa = PBXFileReference; fileEncoding = 4; lastKnownFileType = sourcecode.c.objc; path = "NSString+MD5.m"; sourceTree = "<group>"; };
		682A42761D519DA800CE2723 /* NSString+RegexCategory.h */ = {isa = PBXFileReference; fileEncoding = 4; lastKnownFileType = sourcecode.c.h; path = "NSString+RegexCategory.h"; sourceTree = "<group>"; };
		682A42771D519DA800CE2723 /* NSString+RegexCategory.m */ = {isa = PBXFileReference; fileEncoding = 4; lastKnownFileType = sourcecode.c.objc; path = "NSString+RegexCategory.m"; sourceTree = "<group>"; };
		682A42781D519DA800CE2723 /* NSString+Size.h */ = {isa = PBXFileReference; fileEncoding = 4; lastKnownFileType = sourcecode.c.h; path = "NSString+Size.h"; sourceTree = "<group>"; };
		682A42791D519DA800CE2723 /* NSString+Size.m */ = {isa = PBXFileReference; fileEncoding = 4; lastKnownFileType = sourcecode.c.objc; path = "NSString+Size.m"; sourceTree = "<group>"; };
		682A427A1D519DA800CE2723 /* NSString+Trims.h */ = {isa = PBXFileReference; fileEncoding = 4; lastKnownFileType = sourcecode.c.h; path = "NSString+Trims.h"; sourceTree = "<group>"; };
		682A427B1D519DA800CE2723 /* NSString+Trims.m */ = {isa = PBXFileReference; fileEncoding = 4; lastKnownFileType = sourcecode.c.objc; path = "NSString+Trims.m"; sourceTree = "<group>"; };
		682A427C1D519DA800CE2723 /* NSString+UrlEncode.h */ = {isa = PBXFileReference; fileEncoding = 4; lastKnownFileType = sourcecode.c.h; path = "NSString+UrlEncode.h"; sourceTree = "<group>"; };
		682A427D1D519DA800CE2723 /* NSString+UrlEncode.m */ = {isa = PBXFileReference; fileEncoding = 4; lastKnownFileType = sourcecode.c.objc; path = "NSString+UrlEncode.m"; sourceTree = "<group>"; };
		682A427F1D519DA800CE2723 /* NSTimer+Addition.h */ = {isa = PBXFileReference; fileEncoding = 4; lastKnownFileType = sourcecode.c.h; path = "NSTimer+Addition.h"; sourceTree = "<group>"; };
		682A42801D519DA800CE2723 /* NSTimer+Addition.m */ = {isa = PBXFileReference; fileEncoding = 4; lastKnownFileType = sourcecode.c.objc; path = "NSTimer+Addition.m"; sourceTree = "<group>"; };
		682A42811D519DA800CE2723 /* NSTimer+Blocks.h */ = {isa = PBXFileReference; fileEncoding = 4; lastKnownFileType = sourcecode.c.h; path = "NSTimer+Blocks.h"; sourceTree = "<group>"; };
		682A42821D519DA800CE2723 /* NSTimer+Blocks.m */ = {isa = PBXFileReference; fileEncoding = 4; lastKnownFileType = sourcecode.c.objc; path = "NSTimer+Blocks.m"; sourceTree = "<group>"; };
		682A42841D519DA800CE2723 /* UIAlertView+Block.h */ = {isa = PBXFileReference; fileEncoding = 4; lastKnownFileType = sourcecode.c.h; path = "UIAlertView+Block.h"; sourceTree = "<group>"; };
		682A42851D519DA800CE2723 /* UIAlertView+Block.m */ = {isa = PBXFileReference; fileEncoding = 4; lastKnownFileType = sourcecode.c.objc; path = "UIAlertView+Block.m"; sourceTree = "<group>"; };
		682A42871D519DA800CE2723 /* UIApplication+ApplicationSize.h */ = {isa = PBXFileReference; fileEncoding = 4; lastKnownFileType = sourcecode.c.h; path = "UIApplication+ApplicationSize.h"; sourceTree = "<group>"; };
		682A42881D519DA800CE2723 /* UIApplication+ApplicationSize.m */ = {isa = PBXFileReference; fileEncoding = 4; lastKnownFileType = sourcecode.c.objc; path = "UIApplication+ApplicationSize.m"; sourceTree = "<group>"; };
		682A42891D519DA800CE2723 /* UIApplication+Permissions.h */ = {isa = PBXFileReference; fileEncoding = 4; lastKnownFileType = sourcecode.c.h; path = "UIApplication+Permissions.h"; sourceTree = "<group>"; };
		682A428A1D519DA800CE2723 /* UIApplication+Permissions.m */ = {isa = PBXFileReference; fileEncoding = 4; lastKnownFileType = sourcecode.c.objc; path = "UIApplication+Permissions.m"; sourceTree = "<group>"; };
		682A428C1D519DA800CE2723 /* UIButton+BackgroundColor.h */ = {isa = PBXFileReference; fileEncoding = 4; lastKnownFileType = sourcecode.c.h; path = "UIButton+BackgroundColor.h"; sourceTree = "<group>"; };
		682A428D1D519DA800CE2723 /* UIButton+BackgroundColor.m */ = {isa = PBXFileReference; fileEncoding = 4; lastKnownFileType = sourcecode.c.objc; path = "UIButton+BackgroundColor.m"; sourceTree = "<group>"; };
		682A428E1D519DA800CE2723 /* UIButton+Submitting.h */ = {isa = PBXFileReference; fileEncoding = 4; lastKnownFileType = sourcecode.c.h; path = "UIButton+Submitting.h"; sourceTree = "<group>"; };
		682A428F1D519DA800CE2723 /* UIButton+Submitting.m */ = {isa = PBXFileReference; fileEncoding = 4; lastKnownFileType = sourcecode.c.objc; path = "UIButton+Submitting.m"; sourceTree = "<group>"; };
		682A42901D519DA800CE2723 /* UIButton+TouchAreaInsets.h */ = {isa = PBXFileReference; fileEncoding = 4; lastKnownFileType = sourcecode.c.h; path = "UIButton+TouchAreaInsets.h"; sourceTree = "<group>"; };
		682A42911D519DA800CE2723 /* UIButton+TouchAreaInsets.m */ = {isa = PBXFileReference; fileEncoding = 4; lastKnownFileType = sourcecode.c.objc; path = "UIButton+TouchAreaInsets.m"; sourceTree = "<group>"; };
		682A42931D519DA800CE2723 /* UIControl+ActionBlocks.h */ = {isa = PBXFileReference; fileEncoding = 4; lastKnownFileType = sourcecode.c.h; path = "UIControl+ActionBlocks.h"; sourceTree = "<group>"; };
		682A42941D519DA800CE2723 /* UIControl+ActionBlocks.m */ = {isa = PBXFileReference; fileEncoding = 4; lastKnownFileType = sourcecode.c.objc; path = "UIControl+ActionBlocks.m"; sourceTree = "<group>"; };
		682A42961D519DA800CE2723 /* UIImage+Alpha.h */ = {isa = PBXFileReference; fileEncoding = 4; lastKnownFileType = sourcecode.c.h; path = "UIImage+Alpha.h"; sourceTree = "<group>"; };
		682A42971D519DA800CE2723 /* UIImage+Alpha.m */ = {isa = PBXFileReference; fileEncoding = 4; lastKnownFileType = sourcecode.c.objc; path = "UIImage+Alpha.m"; sourceTree = "<group>"; };
		682A42981D519DA800CE2723 /* UIImage+Blur.h */ = {isa = PBXFileReference; fileEncoding = 4; lastKnownFileType = sourcecode.c.h; path = "UIImage+Blur.h"; sourceTree = "<group>"; };
		682A42991D519DA800CE2723 /* UIImage+Blur.m */ = {isa = PBXFileReference; fileEncoding = 4; lastKnownFileType = sourcecode.c.objc; path = "UIImage+Blur.m"; sourceTree = "<group>"; };
		682A429A1D519DA800CE2723 /* UIImage+CalculatedSize.h */ = {isa = PBXFileReference; fileEncoding = 4; lastKnownFileType = sourcecode.c.h; path = "UIImage+CalculatedSize.h"; sourceTree = "<group>"; };
		682A429B1D519DA800CE2723 /* UIImage+CalculatedSize.m */ = {isa = PBXFileReference; fileEncoding = 4; lastKnownFileType = sourcecode.c.objc; path = "UIImage+CalculatedSize.m"; sourceTree = "<group>"; };
		682A429C1D519DA800CE2723 /* UIImage+Capture.h */ = {isa = PBXFileReference; fileEncoding = 4; lastKnownFileType = sourcecode.c.h; path = "UIImage+Capture.h"; sourceTree = "<group>"; };
		682A429D1D519DA800CE2723 /* UIImage+Capture.m */ = {isa = PBXFileReference; fileEncoding = 4; lastKnownFileType = sourcecode.c.objc; path = "UIImage+Capture.m"; sourceTree = "<group>"; };
		682A429E1D519DA800CE2723 /* UIImage+Color.h */ = {isa = PBXFileReference; fileEncoding = 4; lastKnownFileType = sourcecode.c.h; path = "UIImage+Color.h"; sourceTree = "<group>"; };
		682A429F1D519DA800CE2723 /* UIImage+Color.m */ = {isa = PBXFileReference; fileEncoding = 4; lastKnownFileType = sourcecode.c.objc; path = "UIImage+Color.m"; sourceTree = "<group>"; };
		682A42A01D519DA800CE2723 /* UIImage+FileName.h */ = {isa = PBXFileReference; fileEncoding = 4; lastKnownFileType = sourcecode.c.h; path = "UIImage+FileName.h"; sourceTree = "<group>"; };
		682A42A11D519DA800CE2723 /* UIImage+FileName.m */ = {isa = PBXFileReference; fileEncoding = 4; lastKnownFileType = sourcecode.c.objc; path = "UIImage+FileName.m"; sourceTree = "<group>"; };
		682A42A21D519DA800CE2723 /* UIImage+FX.h */ = {isa = PBXFileReference; fileEncoding = 4; lastKnownFileType = sourcecode.c.h; path = "UIImage+FX.h"; sourceTree = "<group>"; };
		682A42A31D519DA800CE2723 /* UIImage+FX.m */ = {isa = PBXFileReference; fileEncoding = 4; lastKnownFileType = sourcecode.c.objc; path = "UIImage+FX.m"; sourceTree = "<group>"; };
		682A42A41D519DA800CE2723 /* UIImage+Resize.h */ = {isa = PBXFileReference; fileEncoding = 4; lastKnownFileType = sourcecode.c.h; path = "UIImage+Resize.h"; sourceTree = "<group>"; };
		682A42A51D519DA900CE2723 /* UIImage+Resize.m */ = {isa = PBXFileReference; fileEncoding = 4; lastKnownFileType = sourcecode.c.objc; path = "UIImage+Resize.m"; sourceTree = "<group>"; };
		682A42A61D519DA900CE2723 /* UIImage+RoundedCorner.h */ = {isa = PBXFileReference; fileEncoding = 4; lastKnownFileType = sourcecode.c.h; path = "UIImage+RoundedCorner.h"; sourceTree = "<group>"; };
		682A42A71D519DA900CE2723 /* UIImage+RoundedCorner.m */ = {isa = PBXFileReference; fileEncoding = 4; lastKnownFileType = sourcecode.c.objc; path = "UIImage+RoundedCorner.m"; sourceTree = "<group>"; };
		682A42A81D519DA900CE2723 /* UIImage+Tint.h */ = {isa = PBXFileReference; fileEncoding = 4; lastKnownFileType = sourcecode.c.h; path = "UIImage+Tint.h"; sourceTree = "<group>"; };
		682A42A91D519DA900CE2723 /* UIImage+Tint.m */ = {isa = PBXFileReference; fileEncoding = 4; lastKnownFileType = sourcecode.c.objc; path = "UIImage+Tint.m"; sourceTree = "<group>"; };
		682A42AB1D519DA900CE2723 /* UIImageView+Addition.h */ = {isa = PBXFileReference; fileEncoding = 4; lastKnownFileType = sourcecode.c.h; path = "UIImageView+Addition.h"; sourceTree = "<group>"; };
		682A42AC1D519DA900CE2723 /* UIImageView+Addition.m */ = {isa = PBXFileReference; fileEncoding = 4; lastKnownFileType = sourcecode.c.objc; path = "UIImageView+Addition.m"; sourceTree = "<group>"; };
		682A42AD1D519DA900CE2723 /* UIImageView+BetterFace.h */ = {isa = PBXFileReference; fileEncoding = 4; lastKnownFileType = sourcecode.c.h; path = "UIImageView+BetterFace.h"; sourceTree = "<group>"; };
		682A42AE1D519DA900CE2723 /* UIImageView+BetterFace.m */ = {isa = PBXFileReference; fileEncoding = 4; lastKnownFileType = sourcecode.c.objc; path = "UIImageView+BetterFace.m"; sourceTree = "<group>"; };
		682A42AF1D519DA900CE2723 /* UIImageView+FaceAwareFill.h */ = {isa = PBXFileReference; fileEncoding = 4; lastKnownFileType = sourcecode.c.h; path = "UIImageView+FaceAwareFill.h"; sourceTree = "<group>"; };
		682A42B01D519DA900CE2723 /* UIImageView+FaceAwareFill.m */ = {isa = PBXFileReference; fileEncoding = 4; lastKnownFileType = sourcecode.c.objc; path = "UIImageView+FaceAwareFill.m"; sourceTree = "<group>"; };
		682A42B11D519DA900CE2723 /* UIImageView+Letters.h */ = {isa = PBXFileReference; fileEncoding = 4; lastKnownFileType = sourcecode.c.h; path = "UIImageView+Letters.h"; sourceTree = "<group>"; };
		682A42B21D519DA900CE2723 /* UIImageView+Letters.m */ = {isa = PBXFileReference; fileEncoding = 4; lastKnownFileType = sourcecode.c.objc; path = "UIImageView+Letters.m"; sourceTree = "<group>"; };
		682A42B31D519DA900CE2723 /* UIImageView+Reflect.h */ = {isa = PBXFileReference; fileEncoding = 4; lastKnownFileType = sourcecode.c.h; path = "UIImageView+Reflect.h"; sourceTree = "<group>"; };
		682A42B41D519DA900CE2723 /* UIImageView+Reflect.m */ = {isa = PBXFileReference; fileEncoding = 4; lastKnownFileType = sourcecode.c.objc; path = "UIImageView+Reflect.m"; sourceTree = "<group>"; };
		682A42B61D519DA900CE2723 /* UINavigationController+BATransitions.h */ = {isa = PBXFileReference; fileEncoding = 4; lastKnownFileType = sourcecode.c.h; path = "UINavigationController+BATransitions.h"; sourceTree = "<group>"; };
		682A42B71D519DA900CE2723 /* UINavigationController+BATransitions.m */ = {isa = PBXFileReference; fileEncoding = 4; lastKnownFileType = sourcecode.c.objc; path = "UINavigationController+BATransitions.m"; sourceTree = "<group>"; };
		682A42B81D519DA900CE2723 /* UINavigationController+FDFullscreenPopGesture.h */ = {isa = PBXFileReference; fileEncoding = 4; lastKnownFileType = sourcecode.c.h; path = "UINavigationController+FDFullscreenPopGesture.h"; sourceTree = "<group>"; };
		682A42B91D519DA900CE2723 /* UINavigationController+FDFullscreenPopGesture.m */ = {isa = PBXFileReference; fileEncoding = 4; lastKnownFileType = sourcecode.c.objc; path = "UINavigationController+FDFullscreenPopGesture.m"; sourceTree = "<group>"; };
		682A42BA1D519DA900CE2723 /* UINavigationController+JZExtension.h */ = {isa = PBXFileReference; fileEncoding = 4; lastKnownFileType = sourcecode.c.h; path = "UINavigationController+JZExtension.h"; sourceTree = "<group>"; };
		682A42BB1D519DA900CE2723 /* UINavigationController+JZExtension.m */ = {isa = PBXFileReference; fileEncoding = 4; lastKnownFileType = sourcecode.c.objc; path = "UINavigationController+JZExtension.m"; sourceTree = "<group>"; };
		682A42BD1D519DA900CE2723 /* UINavigationItem+Loading.h */ = {isa = PBXFileReference; fileEncoding = 4; lastKnownFileType = sourcecode.c.h; path = "UINavigationItem+Loading.h"; sourceTree = "<group>"; };
		682A42BE1D519DA900CE2723 /* UINavigationItem+Loading.m */ = {isa = PBXFileReference; fileEncoding = 4; lastKnownFileType = sourcecode.c.objc; path = "UINavigationItem+Loading.m"; sourceTree = "<group>"; };
		682A42BF1D519DA900CE2723 /* UINavigationItem+Lock.h */ = {isa = PBXFileReference; fileEncoding = 4; lastKnownFileType = sourcecode.c.h; path = "UINavigationItem+Lock.h"; sourceTree = "<group>"; };
		682A42C01D519DA900CE2723 /* UINavigationItem+Lock.m */ = {isa = PBXFileReference; fileEncoding = 4; lastKnownFileType = sourcecode.c.objc; path = "UINavigationItem+Lock.m"; sourceTree = "<group>"; };
		682A42C11D519DA900CE2723 /* UINavigationItem+Margin.h */ = {isa = PBXFileReference; fileEncoding = 4; lastKnownFileType = sourcecode.c.h; path = "UINavigationItem+Margin.h"; sourceTree = "<group>"; };
		682A42C21D519DA900CE2723 /* UINavigationItem+Margin.m */ = {isa = PBXFileReference; fileEncoding = 4; lastKnownFileType = sourcecode.c.objc; path = "UINavigationItem+Margin.m"; sourceTree = "<group>"; };
		682A42C71D519DA900CE2723 /* UITableViewCell+Config.h */ = {isa = PBXFileReference; fileEncoding = 4; lastKnownFileType = sourcecode.c.h; path = "UITableViewCell+Config.h"; sourceTree = "<group>"; };
		682A42C81D519DA900CE2723 /* UITableViewCell+Config.m */ = {isa = PBXFileReference; fileEncoding = 4; lastKnownFileType = sourcecode.c.objc; path = "UITableViewCell+Config.m"; sourceTree = "<group>"; };
		682A42CA1D519DA900CE2723 /* UIView+Animation.h */ = {isa = PBXFileReference; fileEncoding = 4; lastKnownFileType = sourcecode.c.h; path = "UIView+Animation.h"; sourceTree = "<group>"; };
		682A42CB1D519DA900CE2723 /* UIView+Animation.m */ = {isa = PBXFileReference; fileEncoding = 4; lastKnownFileType = sourcecode.c.objc; path = "UIView+Animation.m"; sourceTree = "<group>"; };
		682A42CE1D519DA900CE2723 /* UIView+Borders.h */ = {isa = PBXFileReference; fileEncoding = 4; lastKnownFileType = sourcecode.c.h; path = "UIView+Borders.h"; sourceTree = "<group>"; };
		682A42CF1D519DA900CE2723 /* UIView+Borders.m */ = {isa = PBXFileReference; fileEncoding = 4; lastKnownFileType = sourcecode.c.objc; path = "UIView+Borders.m"; sourceTree = "<group>"; };
		682A42D01D519DA900CE2723 /* UIView+draggable.h */ = {isa = PBXFileReference; fileEncoding = 4; lastKnownFileType = sourcecode.c.h; path = "UIView+draggable.h"; sourceTree = "<group>"; };
		682A42D11D519DA900CE2723 /* UIView+draggable.m */ = {isa = PBXFileReference; fileEncoding = 4; lastKnownFileType = sourcecode.c.objc; path = "UIView+draggable.m"; sourceTree = "<group>"; };
		682A42D21D519DA900CE2723 /* UIView+GestureCallback.h */ = {isa = PBXFileReference; fileEncoding = 4; lastKnownFileType = sourcecode.c.h; path = "UIView+GestureCallback.h"; sourceTree = "<group>"; };
		682A42D31D519DA900CE2723 /* UIView+GestureCallback.m */ = {isa = PBXFileReference; fileEncoding = 4; lastKnownFileType = sourcecode.c.objc; path = "UIView+GestureCallback.m"; sourceTree = "<group>"; };
		682A42D41D519DA900CE2723 /* UIView+Screenshot.h */ = {isa = PBXFileReference; fileEncoding = 4; lastKnownFileType = sourcecode.c.h; path = "UIView+Screenshot.h"; sourceTree = "<group>"; };
		682A42D51D519DA900CE2723 /* UIView+Screenshot.m */ = {isa = PBXFileReference; fileEncoding = 4; lastKnownFileType = sourcecode.c.objc; path = "UIView+Screenshot.m"; sourceTree = "<group>"; };
		682A42D61D519DA900CE2723 /* UIView+Shadow.h */ = {isa = PBXFileReference; fileEncoding = 4; lastKnownFileType = sourcecode.c.h; path = "UIView+Shadow.h"; sourceTree = "<group>"; };
		682A42D71D519DA900CE2723 /* UIView+Shadow.m */ = {isa = PBXFileReference; fileEncoding = 4; lastKnownFileType = sourcecode.c.objc; path = "UIView+Shadow.m"; sourceTree = "<group>"; };
		682A42D81D519DA900CE2723 /* UIView+Shake.h */ = {isa = PBXFileReference; fileEncoding = 4; lastKnownFileType = sourcecode.c.h; path = "UIView+Shake.h"; sourceTree = "<group>"; };
		682A42D91D519DA900CE2723 /* UIView+Shake.m */ = {isa = PBXFileReference; fileEncoding = 4; lastKnownFileType = sourcecode.c.objc; path = "UIView+Shake.m"; sourceTree = "<group>"; };
		682A42DA1D519DA900CE2723 /* UIView+ViewController.h */ = {isa = PBXFileReference; fileEncoding = 4; lastKnownFileType = sourcecode.c.h; path = "UIView+ViewController.h"; sourceTree = "<group>"; };
		682A42DB1D519DA900CE2723 /* UIView+ViewController.m */ = {isa = PBXFileReference; fileEncoding = 4; lastKnownFileType = sourcecode.c.objc; path = "UIView+ViewController.m"; sourceTree = "<group>"; };
		682A42DC1D519DA900CE2723 /* UIView+Visuals.h */ = {isa = PBXFileReference; fileEncoding = 4; lastKnownFileType = sourcecode.c.h; path = "UIView+Visuals.h"; sourceTree = "<group>"; };
		682A42DD1D519DA900CE2723 /* UIView+Visuals.m */ = {isa = PBXFileReference; fileEncoding = 4; lastKnownFileType = sourcecode.c.objc; path = "UIView+Visuals.m"; sourceTree = "<group>"; };
		682A42DF1D519DA900CE2723 /* UIViewController+BackButtonHandler.h */ = {isa = PBXFileReference; fileEncoding = 4; lastKnownFileType = sourcecode.c.h; path = "UIViewController+BackButtonHandler.h"; sourceTree = "<group>"; };
		682A42E01D519DA900CE2723 /* UIViewController+BackButtonHandler.m */ = {isa = PBXFileReference; fileEncoding = 4; lastKnownFileType = sourcecode.c.objc; path = "UIViewController+BackButtonHandler.m"; sourceTree = "<group>"; };
		682A42E11D519DA900CE2723 /* UIViewController+BackButtonItemTitle.h */ = {isa = PBXFileReference; fileEncoding = 4; lastKnownFileType = sourcecode.c.h; path = "UIViewController+BackButtonItemTitle.h"; sourceTree = "<group>"; };
		682A42E21D519DA900CE2723 /* UIViewController+BackButtonItemTitle.m */ = {isa = PBXFileReference; fileEncoding = 4; lastKnownFileType = sourcecode.c.objc; path = "UIViewController+BackButtonItemTitle.m"; sourceTree = "<group>"; };
		682A42E31D519DA900CE2723 /* UIViewController+MJPopupViewController.h */ = {isa = PBXFileReference; fileEncoding = 4; lastKnownFileType = sourcecode.c.h; path = "UIViewController+MJPopupViewController.h"; sourceTree = "<group>"; };
		682A42E41D519DA900CE2723 /* UIViewController+MJPopupViewController.m */ = {isa = PBXFileReference; fileEncoding = 4; lastKnownFileType = sourcecode.c.objc; path = "UIViewController+MJPopupViewController.m"; sourceTree = "<group>"; };
		682A42E61D519DA900CE2723 /* NSMutableString+TagReplace.h */ = {isa = PBXFileReference; fileEncoding = 4; lastKnownFileType = sourcecode.c.h; path = "NSMutableString+TagReplace.h"; sourceTree = "<group>"; };
		682A42E71D519DA900CE2723 /* NSMutableString+TagReplace.m */ = {isa = PBXFileReference; fileEncoding = 4; lastKnownFileType = sourcecode.c.objc; path = "NSMutableString+TagReplace.m"; sourceTree = "<group>"; };
		682A42E81D519DA900CE2723 /* NSString+WPAttributedMarkup.h */ = {isa = PBXFileReference; fileEncoding = 4; lastKnownFileType = sourcecode.c.h; path = "NSString+WPAttributedMarkup.h"; sourceTree = "<group>"; };
		682A42E91D519DA900CE2723 /* NSString+WPAttributedMarkup.m */ = {isa = PBXFileReference; fileEncoding = 4; lastKnownFileType = sourcecode.c.objc; path = "NSString+WPAttributedMarkup.m"; sourceTree = "<group>"; };
		682A432D1D51C15C00CE2723 /* SDLForgetViewController.h */ = {isa = PBXFileReference; fileEncoding = 4; lastKnownFileType = sourcecode.c.h; path = SDLForgetViewController.h; sourceTree = "<group>"; };
		682A432E1D51C15C00CE2723 /* SDLForgetViewController.m */ = {isa = PBXFileReference; fileEncoding = 4; lastKnownFileType = sourcecode.c.objc; path = SDLForgetViewController.m; sourceTree = "<group>"; };
		682A43301D51C3C700CE2723 /* SDLRegisterViewController.h */ = {isa = PBXFileReference; fileEncoding = 4; lastKnownFileType = sourcecode.c.h; path = SDLRegisterViewController.h; sourceTree = "<group>"; };
		682A43311D51C3C700CE2723 /* SDLRegisterViewController.m */ = {isa = PBXFileReference; fileEncoding = 4; lastKnownFileType = sourcecode.c.objc; path = SDLRegisterViewController.m; sourceTree = "<group>"; };
		6836D78F1D50836C00194ED9 /* ShareCode.app */ = {isa = PBXFileReference; explicitFileType = wrapper.application; includeInIndex = 0; path = ShareCode.app; sourceTree = BUILT_PRODUCTS_DIR; };
		6836D7931D50836C00194ED9 /* main.m */ = {isa = PBXFileReference; lastKnownFileType = sourcecode.c.objc; path = main.m; sourceTree = "<group>"; };
		6836D7951D50836C00194ED9 /* AppDelegate.h */ = {isa = PBXFileReference; lastKnownFileType = sourcecode.c.h; path = AppDelegate.h; sourceTree = "<group>"; };
		6836D7961D50836C00194ED9 /* AppDelegate.m */ = {isa = PBXFileReference; lastKnownFileType = sourcecode.c.objc; path = AppDelegate.m; sourceTree = "<group>"; };
		6836D7981D50836C00194ED9 /* ViewController.h */ = {isa = PBXFileReference; lastKnownFileType = sourcecode.c.h; path = ViewController.h; sourceTree = "<group>"; };
		6836D7991D50836C00194ED9 /* ViewController.m */ = {isa = PBXFileReference; lastKnownFileType = sourcecode.c.objc; path = ViewController.m; sourceTree = "<group>"; };
		6836D79C1D50836C00194ED9 /* Base */ = {isa = PBXFileReference; lastKnownFileType = file.storyboard; name = Base; path = Base.lproj/Main.storyboard; sourceTree = "<group>"; };
		6836D79E1D50836C00194ED9 /* Assets.xcassets */ = {isa = PBXFileReference; lastKnownFileType = folder.assetcatalog; path = Assets.xcassets; sourceTree = "<group>"; };
		6836D7A11D50836C00194ED9 /* Base */ = {isa = PBXFileReference; lastKnownFileType = file.storyboard; name = Base; path = Base.lproj/LaunchScreen.storyboard; sourceTree = "<group>"; };
		6836D7A31D50836C00194ED9 /* Info.plist */ = {isa = PBXFileReference; lastKnownFileType = text.plist.xml; path = Info.plist; sourceTree = "<group>"; };
		6836D7A81D50836C00194ED9 /* ShareCodeTests.xctest */ = {isa = PBXFileReference; explicitFileType = wrapper.cfbundle; includeInIndex = 0; path = ShareCodeTests.xctest; sourceTree = BUILT_PRODUCTS_DIR; };
		6836D7AC1D50836C00194ED9 /* ShareCodeTests.m */ = {isa = PBXFileReference; lastKnownFileType = sourcecode.c.objc; path = ShareCodeTests.m; sourceTree = "<group>"; };
		6836D7AE1D50836C00194ED9 /* Info.plist */ = {isa = PBXFileReference; lastKnownFileType = text.plist.xml; path = Info.plist; sourceTree = "<group>"; };
		6836D7B31D50836C00194ED9 /* ShareCodeUITests.xctest */ = {isa = PBXFileReference; explicitFileType = wrapper.cfbundle; includeInIndex = 0; path = ShareCodeUITests.xctest; sourceTree = BUILT_PRODUCTS_DIR; };
		6836D7B71D50836D00194ED9 /* ShareCodeUITests.m */ = {isa = PBXFileReference; lastKnownFileType = sourcecode.c.objc; path = ShareCodeUITests.m; sourceTree = "<group>"; };
		6836D7B91D50836D00194ED9 /* Info.plist */ = {isa = PBXFileReference; lastKnownFileType = text.plist.xml; path = Info.plist; sourceTree = "<group>"; };
		689953421D51E9F9000D2549 /* LxDBAnything.h */ = {isa = PBXFileReference; fileEncoding = 4; lastKnownFileType = sourcecode.c.h; path = LxDBAnything.h; sourceTree = "<group>"; };
		689953431D51E9F9000D2549 /* QFCodeShareInit.h */ = {isa = PBXFileReference; fileEncoding = 4; lastKnownFileType = sourcecode.c.h; path = QFCodeShareInit.h; sourceTree = "<group>"; };
		689953441D51E9F9000D2549 /* QFCodeShareInit.m */ = {isa = PBXFileReference; fileEncoding = 4; lastKnownFileType = sourcecode.c.objc; path = QFCodeShareInit.m; sourceTree = "<group>"; };
		689953451D51E9F9000D2549 /* QFCommonSetting.h */ = {isa = PBXFileReference; fileEncoding = 4; lastKnownFileType = sourcecode.c.h; path = QFCommonSetting.h; sourceTree = "<group>"; };
		689953471D51EAE7000D2549 /* PrefixHeader.pch */ = {isa = PBXFileReference; fileEncoding = 4; lastKnownFileType = sourcecode.c.h; name = PrefixHeader.pch; path = ../PrefixHeader.pch; sourceTree = "<group>"; };
		689953491D51F083000D2549 /* TAlertView.h */ = {isa = PBXFileReference; fileEncoding = 4; lastKnownFileType = sourcecode.c.h; path = TAlertView.h; sourceTree = "<group>"; };
		6899534A1D51F083000D2549 /* TAlertView.m */ = {isa = PBXFileReference; fileEncoding = 4; lastKnownFileType = sourcecode.c.objc; path = TAlertView.m; sourceTree = "<group>"; };
		6899534B1D51F083000D2549 /* UIScrollView+_DScrollView.h */ = {isa = PBXFileReference; fileEncoding = 4; lastKnownFileType = sourcecode.c.h; path = "UIScrollView+_DScrollView.h"; sourceTree = "<group>"; };
		6899534C1D51F083000D2549 /* UIScrollView+_DScrollView.m */ = {isa = PBXFileReference; fileEncoding = 4; lastKnownFileType = sourcecode.c.objc; path = "UIScrollView+_DScrollView.m"; sourceTree = "<group>"; };
		B9A0CC24566BEC366F26630E /* libPods-ShareCodeUITests.a */ = {isa = PBXFileReference; explicitFileType = archive.ar; includeInIndex = 0; path = "libPods-ShareCodeUITests.a"; sourceTree = BUILT_PRODUCTS_DIR; };
		BFF852B30F0E19E2FE5FE8FB /* Pods-ShareCodeUITests.release.xcconfig */ = {isa = PBXFileReference; includeInIndex = 1; lastKnownFileType = text.xcconfig; name = "Pods-ShareCodeUITests.release.xcconfig"; path = "Pods/Target Support Files/Pods-ShareCodeUITests/Pods-ShareCodeUITests.release.xcconfig"; sourceTree = "<group>"; };
		F7E753C296B9913BC8654029 /* Pods-ShareCode.release.xcconfig */ = {isa = PBXFileReference; includeInIndex = 1; lastKnownFileType = text.xcconfig; name = "Pods-ShareCode.release.xcconfig"; path = "Pods/Target Support Files/Pods-ShareCode/Pods-ShareCode.release.xcconfig"; sourceTree = "<group>"; };
/* End PBXFileReference section */

/* Begin PBXFrameworksBuildPhase section */
		6836D78C1D50836C00194ED9 /* Frameworks */ = {
			isa = PBXFrameworksBuildPhase;
			buildActionMask = 2147483647;
			files = (
				20AA0FBCEEF18BB5B4BF6673 /* libPods-ShareCode.a in Frameworks */,
			);
			runOnlyForDeploymentPostprocessing = 0;
		};
		6836D7A51D50836C00194ED9 /* Frameworks */ = {
			isa = PBXFrameworksBuildPhase;
			buildActionMask = 2147483647;
			files = (
				BE76C68A3DBDF1D8DDD5CA6D /* libPods-ShareCodeTests.a in Frameworks */,
			);
			runOnlyForDeploymentPostprocessing = 0;
		};
		6836D7B01D50836C00194ED9 /* Frameworks */ = {
			isa = PBXFrameworksBuildPhase;
			buildActionMask = 2147483647;
			files = (
				B4B3BA8A95D84F7B1F70A615 /* libPods-ShareCodeUITests.a in Frameworks */,
			);
			runOnlyForDeploymentPostprocessing = 0;
		};
/* End PBXFrameworksBuildPhase section */

/* Begin PBXGroup section */
		682A423D1D51860400CE2723 /* ViewController */ = {
			isa = PBXGroup;
			children = (
			);
			path = ViewController;
			sourceTree = "<group>";
		};
		682A42441D5187B000CE2723 /* Login */ = {
			isa = PBXGroup;
			children = (
				682A42451D5187B000CE2723 /* Cells */,
				682A42461D5187B000CE2723 /* Model */,
				682A42491D5187B000CE2723 /* ViewController */,
			);
			path = Login;
			sourceTree = "<group>";
		};
		682A42451D5187B000CE2723 /* Cells */ = {
			isa = PBXGroup;
			children = (
			);
			path = Cells;
			sourceTree = "<group>";
		};
		682A42461D5187B000CE2723 /* Model */ = {
			isa = PBXGroup;
			children = (
				682A42471D5187B000CE2723 /* SDLUserModel.h */,
				682A42481D5187B000CE2723 /* SDLUserModel.m */,
			);
			path = Model;
			sourceTree = "<group>";
		};
		682A42491D5187B000CE2723 /* ViewController */ = {
			isa = PBXGroup;
			children = (
				682A424E1D5188B000CE2723 /* SDLLoginViewController.h */,
				682A424F1D5188B000CE2723 /* SDLLoginViewController.m */,
				682A432D1D51C15C00CE2723 /* SDLForgetViewController.h */,
				682A432E1D51C15C00CE2723 /* SDLForgetViewController.m */,
				682A43301D51C3C700CE2723 /* SDLRegisterViewController.h */,
				682A43311D51C3C700CE2723 /* SDLRegisterViewController.m */,
			);
			path = ViewController;
			sourceTree = "<group>";
		};
		682A42511D519DA800CE2723 /* Addition */ = {
			isa = PBXGroup;
			children = (
				682A42521D519DA800CE2723 /* NSDate */,
				682A425B1D519DA800CE2723 /* NSDictionary */,
				682A42641D519DA800CE2723 /* NSObject */,
				682A42711D519DA800CE2723 /* NSString */,
				682A427E1D519DA800CE2723 /* NSTimer */,
				682A42831D519DA800CE2723 /* UIAlertView */,
				682A42861D519DA800CE2723 /* UIApplication */,
				682A428B1D519DA800CE2723 /* UIButton */,
				682A42921D519DA800CE2723 /* UIControl */,
				682A42951D519DA800CE2723 /* UIImage */,
				682A42AA1D519DA900CE2723 /* UIImageView */,
				682A42B51D519DA900CE2723 /* UINavigationController */,
				682A42BC1D519DA900CE2723 /* UINavigationItem */,
				682A42C61D519DA900CE2723 /* UITableViewCell */,
				682A42C91D519DA900CE2723 /* UIView */,
				682A42DE1D519DA900CE2723 /* UIViewController */,
				682A42E51D519DA900CE2723 /* WPAttributedMarkup */,
			);
			path = Addition;
			sourceTree = "<group>";
		};
		682A42521D519DA800CE2723 /* NSDate */ = {
			isa = PBXGroup;
			children = (
				682A42531D519DA800CE2723 /* NSDate+Formatter.h */,
				682A42541D519DA800CE2723 /* NSDate+Formatter.m */,
				682A42551D519DA800CE2723 /* NSDate+Helper.h */,
				682A42561D519DA800CE2723 /* NSDate+Helper.m */,
				682A42571D519DA800CE2723 /* NSDate+Reporting.h */,
				682A42581D519DA800CE2723 /* NSDate+Reporting.m */,
				682A42591D519DA800CE2723 /* NSDate+Utilities.h */,
				682A425A1D519DA800CE2723 /* NSDate+Utilities.m */,
			);
			path = NSDate;
			sourceTree = "<group>";
		};
		682A425B1D519DA800CE2723 /* NSDictionary */ = {
			isa = PBXGroup;
			children = (
				682A425C1D519DA800CE2723 /* NSDictionary+JSONString.h */,
				682A425D1D519DA800CE2723 /* NSDictionary+JSONString.m */,
				682A425E1D519DA800CE2723 /* NSDictionary+Merge.h */,
				682A425F1D519DA800CE2723 /* NSDictionary+Merge.m */,
				682A42601D519DA800CE2723 /* NSDictionary+SafeAccess.h */,
				682A42611D519DA800CE2723 /* NSDictionary+SafeAccess.m */,
				682A42621D519DA800CE2723 /* NSDictionary+URL.h */,
				682A42631D519DA800CE2723 /* NSDictionary+URL.m */,
			);
			path = NSDictionary;
			sourceTree = "<group>";
		};
		682A42641D519DA800CE2723 /* NSObject */ = {
			isa = PBXGroup;
			children = (
				682A42651D519DA800CE2723 /* NSObject+AppInfo.h */,
				682A42661D519DA800CE2723 /* NSObject+AppInfo.m */,
				682A42671D519DA800CE2723 /* NSObject+AutoCoding.h */,
				682A42681D519DA800CE2723 /* NSObject+AutoCoding.m */,
				682A42691D519DA800CE2723 /* NSObject+GCD.h */,
				682A426A1D519DA800CE2723 /* NSObject+GCD.m */,
				682A426B1D519DA800CE2723 /* NSObject+KVOBlocks.h */,
				682A426C1D519DA800CE2723 /* NSObject+KVOBlocks.m */,
				682A426D1D519DA800CE2723 /* NSObject+Property.h */,
				682A426E1D519DA800CE2723 /* NSObject+Property.m */,
				682A426F1D519DA800CE2723 /* NSObject+Runtime.h */,
				682A42701D519DA800CE2723 /* NSObject+Runtime.m */,
			);
			path = NSObject;
			sourceTree = "<group>";
		};
		682A42711D519DA800CE2723 /* NSString */ = {
			isa = PBXGroup;
			children = (
				682A42721D519DA800CE2723 /* NSString+JsonValue.h */,
				682A42731D519DA800CE2723 /* NSString+JsonValue.m */,
				682A42741D519DA800CE2723 /* NSString+MD5.h */,
				682A42751D519DA800CE2723 /* NSString+MD5.m */,
				682A42761D519DA800CE2723 /* NSString+RegexCategory.h */,
				682A42771D519DA800CE2723 /* NSString+RegexCategory.m */,
				682A42781D519DA800CE2723 /* NSString+Size.h */,
				682A42791D519DA800CE2723 /* NSString+Size.m */,
				682A427A1D519DA800CE2723 /* NSString+Trims.h */,
				682A427B1D519DA800CE2723 /* NSString+Trims.m */,
				682A427C1D519DA800CE2723 /* NSString+UrlEncode.h */,
				682A427D1D519DA800CE2723 /* NSString+UrlEncode.m */,
			);
			path = NSString;
			sourceTree = "<group>";
		};
		682A427E1D519DA800CE2723 /* NSTimer */ = {
			isa = PBXGroup;
			children = (
				682A427F1D519DA800CE2723 /* NSTimer+Addition.h */,
				682A42801D519DA800CE2723 /* NSTimer+Addition.m */,
				682A42811D519DA800CE2723 /* NSTimer+Blocks.h */,
				682A42821D519DA800CE2723 /* NSTimer+Blocks.m */,
			);
			path = NSTimer;
			sourceTree = "<group>";
		};
		682A42831D519DA800CE2723 /* UIAlertView */ = {
			isa = PBXGroup;
			children = (
				682A42841D519DA800CE2723 /* UIAlertView+Block.h */,
				682A42851D519DA800CE2723 /* UIAlertView+Block.m */,
			);
			path = UIAlertView;
			sourceTree = "<group>";
		};
		682A42861D519DA800CE2723 /* UIApplication */ = {
			isa = PBXGroup;
			children = (
				682A42871D519DA800CE2723 /* UIApplication+ApplicationSize.h */,
				682A42881D519DA800CE2723 /* UIApplication+ApplicationSize.m */,
				682A42891D519DA800CE2723 /* UIApplication+Permissions.h */,
				682A428A1D519DA800CE2723 /* UIApplication+Permissions.m */,
			);
			path = UIApplication;
			sourceTree = "<group>";
		};
		682A428B1D519DA800CE2723 /* UIButton */ = {
			isa = PBXGroup;
			children = (
				682A428C1D519DA800CE2723 /* UIButton+BackgroundColor.h */,
				682A428D1D519DA800CE2723 /* UIButton+BackgroundColor.m */,
				682A428E1D519DA800CE2723 /* UIButton+Submitting.h */,
				682A428F1D519DA800CE2723 /* UIButton+Submitting.m */,
				682A42901D519DA800CE2723 /* UIButton+TouchAreaInsets.h */,
				682A42911D519DA800CE2723 /* UIButton+TouchAreaInsets.m */,
			);
			path = UIButton;
			sourceTree = "<group>";
		};
		682A42921D519DA800CE2723 /* UIControl */ = {
			isa = PBXGroup;
			children = (
				682A42931D519DA800CE2723 /* UIControl+ActionBlocks.h */,
				682A42941D519DA800CE2723 /* UIControl+ActionBlocks.m */,
			);
			path = UIControl;
			sourceTree = "<group>";
		};
		682A42951D519DA800CE2723 /* UIImage */ = {
			isa = PBXGroup;
			children = (
				682A42961D519DA800CE2723 /* UIImage+Alpha.h */,
				682A42971D519DA800CE2723 /* UIImage+Alpha.m */,
				682A42981D519DA800CE2723 /* UIImage+Blur.h */,
				682A42991D519DA800CE2723 /* UIImage+Blur.m */,
				682A429A1D519DA800CE2723 /* UIImage+CalculatedSize.h */,
				682A429B1D519DA800CE2723 /* UIImage+CalculatedSize.m */,
				682A429C1D519DA800CE2723 /* UIImage+Capture.h */,
				682A429D1D519DA800CE2723 /* UIImage+Capture.m */,
				682A429E1D519DA800CE2723 /* UIImage+Color.h */,
				682A429F1D519DA800CE2723 /* UIImage+Color.m */,
				682A42A01D519DA800CE2723 /* UIImage+FileName.h */,
				682A42A11D519DA800CE2723 /* UIImage+FileName.m */,
				682A42A21D519DA800CE2723 /* UIImage+FX.h */,
				682A42A31D519DA800CE2723 /* UIImage+FX.m */,
				682A42A41D519DA800CE2723 /* UIImage+Resize.h */,
				682A42A51D519DA900CE2723 /* UIImage+Resize.m */,
				682A42A61D519DA900CE2723 /* UIImage+RoundedCorner.h */,
				682A42A71D519DA900CE2723 /* UIImage+RoundedCorner.m */,
				682A42A81D519DA900CE2723 /* UIImage+Tint.h */,
				682A42A91D519DA900CE2723 /* UIImage+Tint.m */,
			);
			path = UIImage;
			sourceTree = "<group>";
		};
		682A42AA1D519DA900CE2723 /* UIImageView */ = {
			isa = PBXGroup;
			children = (
				682A42AB1D519DA900CE2723 /* UIImageView+Addition.h */,
				682A42AC1D519DA900CE2723 /* UIImageView+Addition.m */,
				682A42AD1D519DA900CE2723 /* UIImageView+BetterFace.h */,
				682A42AE1D519DA900CE2723 /* UIImageView+BetterFace.m */,
				682A42AF1D519DA900CE2723 /* UIImageView+FaceAwareFill.h */,
				682A42B01D519DA900CE2723 /* UIImageView+FaceAwareFill.m */,
				682A42B11D519DA900CE2723 /* UIImageView+Letters.h */,
				682A42B21D519DA900CE2723 /* UIImageView+Letters.m */,
				682A42B31D519DA900CE2723 /* UIImageView+Reflect.h */,
				682A42B41D519DA900CE2723 /* UIImageView+Reflect.m */,
			);
			path = UIImageView;
			sourceTree = "<group>";
		};
		682A42B51D519DA900CE2723 /* UINavigationController */ = {
			isa = PBXGroup;
			children = (
				682A42B61D519DA900CE2723 /* UINavigationController+BATransitions.h */,
				682A42B71D519DA900CE2723 /* UINavigationController+BATransitions.m */,
				682A42B81D519DA900CE2723 /* UINavigationController+FDFullscreenPopGesture.h */,
				682A42B91D519DA900CE2723 /* UINavigationController+FDFullscreenPopGesture.m */,
				682A42BA1D519DA900CE2723 /* UINavigationController+JZExtension.h */,
				682A42BB1D519DA900CE2723 /* UINavigationController+JZExtension.m */,
			);
			path = UINavigationController;
			sourceTree = "<group>";
		};
		682A42BC1D519DA900CE2723 /* UINavigationItem */ = {
			isa = PBXGroup;
			children = (
				682A42BD1D519DA900CE2723 /* UINavigationItem+Loading.h */,
				682A42BE1D519DA900CE2723 /* UINavigationItem+Loading.m */,
				682A42BF1D519DA900CE2723 /* UINavigationItem+Lock.h */,
				682A42C01D519DA900CE2723 /* UINavigationItem+Lock.m */,
				682A42C11D519DA900CE2723 /* UINavigationItem+Margin.h */,
				682A42C21D519DA900CE2723 /* UINavigationItem+Margin.m */,
			);
			path = UINavigationItem;
			sourceTree = "<group>";
		};
		682A42C61D519DA900CE2723 /* UITableViewCell */ = {
			isa = PBXGroup;
			children = (
				682A42C71D519DA900CE2723 /* UITableViewCell+Config.h */,
				682A42C81D519DA900CE2723 /* UITableViewCell+Config.m */,
			);
			path = UITableViewCell;
			sourceTree = "<group>";
		};
		682A42C91D519DA900CE2723 /* UIView */ = {
			isa = PBXGroup;
			children = (
				682A42CA1D519DA900CE2723 /* UIView+Animation.h */,
				682A42CB1D519DA900CE2723 /* UIView+Animation.m */,
				682A42CE1D519DA900CE2723 /* UIView+Borders.h */,
				682A42CF1D519DA900CE2723 /* UIView+Borders.m */,
				682A42D01D519DA900CE2723 /* UIView+draggable.h */,
				682A42D11D519DA900CE2723 /* UIView+draggable.m */,
				682A42D21D519DA900CE2723 /* UIView+GestureCallback.h */,
				682A42D31D519DA900CE2723 /* UIView+GestureCallback.m */,
				682A42D41D519DA900CE2723 /* UIView+Screenshot.h */,
				682A42D51D519DA900CE2723 /* UIView+Screenshot.m */,
				682A42D61D519DA900CE2723 /* UIView+Shadow.h */,
				682A42D71D519DA900CE2723 /* UIView+Shadow.m */,
				682A42D81D519DA900CE2723 /* UIView+Shake.h */,
				682A42D91D519DA900CE2723 /* UIView+Shake.m */,
				682A42DA1D519DA900CE2723 /* UIView+ViewController.h */,
				682A42DB1D519DA900CE2723 /* UIView+ViewController.m */,
				682A42DC1D519DA900CE2723 /* UIView+Visuals.h */,
				682A42DD1D519DA900CE2723 /* UIView+Visuals.m */,
			);
			path = UIView;
			sourceTree = "<group>";
		};
		682A42DE1D519DA900CE2723 /* UIViewController */ = {
			isa = PBXGroup;
			children = (
				682A42DF1D519DA900CE2723 /* UIViewController+BackButtonHandler.h */,
				682A42E01D519DA900CE2723 /* UIViewController+BackButtonHandler.m */,
				682A42E11D519DA900CE2723 /* UIViewController+BackButtonItemTitle.h */,
				682A42E21D519DA900CE2723 /* UIViewController+BackButtonItemTitle.m */,
				682A42E31D519DA900CE2723 /* UIViewController+MJPopupViewController.h */,
				682A42E41D519DA900CE2723 /* UIViewController+MJPopupViewController.m */,
			);
			path = UIViewController;
			sourceTree = "<group>";
		};
		682A42E51D519DA900CE2723 /* WPAttributedMarkup */ = {
			isa = PBXGroup;
			children = (
				682A42E61D519DA900CE2723 /* NSMutableString+TagReplace.h */,
				682A42E71D519DA900CE2723 /* NSMutableString+TagReplace.m */,
				682A42E81D519DA900CE2723 /* NSString+WPAttributedMarkup.h */,
				682A42E91D519DA900CE2723 /* NSString+WPAttributedMarkup.m */,
			);
			path = WPAttributedMarkup;
			sourceTree = "<group>";
		};
		6836D7861D50836C00194ED9 = {
			isa = PBXGroup;
			children = (
				6836D7911D50836C00194ED9 /* ShareCode */,
				6836D7AB1D50836C00194ED9 /* ShareCodeTests */,
				6836D7B61D50836D00194ED9 /* ShareCodeUITests */,
				6836D7901D50836C00194ED9 /* Products */,
				9C8964CFAC03B885958B2D6C /* Pods */,
				6F0865C4A4388327DA4D5818 /* Frameworks */,
			);
			sourceTree = "<group>";
		};
		6836D7901D50836C00194ED9 /* Products */ = {
			isa = PBXGroup;
			children = (
				6836D78F1D50836C00194ED9 /* ShareCode.app */,
				6836D7A81D50836C00194ED9 /* ShareCodeTests.xctest */,
				6836D7B31D50836C00194ED9 /* ShareCodeUITests.xctest */,
			);
			name = Products;
			sourceTree = "<group>";
		};
		6836D7911D50836C00194ED9 /* ShareCode */ = {
			isa = PBXGroup;
			children = (
				682A42511D519DA800CE2723 /* Addition */,
				682A423D1D51860400CE2723 /* ViewController */,
				6836D7C51D5085BB00194ED9 /* BaseClass */,
				6836D7C61D5085BB00194ED9 /* PublicView */,
				6836D7951D50836C00194ED9 /* AppDelegate.h */,
				6836D7961D50836C00194ED9 /* AppDelegate.m */,
				6836D7981D50836C00194ED9 /* ViewController.h */,
				6836D7991D50836C00194ED9 /* ViewController.m */,
				6836D79B1D50836C00194ED9 /* Main.storyboard */,
				6836D79E1D50836C00194ED9 /* Assets.xcassets */,
				6836D7A01D50836C00194ED9 /* LaunchScreen.storyboard */,
				6836D7A31D50836C00194ED9 /* Info.plist */,
				6836D7921D50836C00194ED9 /* Supporting Files */,
			);
			path = ShareCode;
			sourceTree = "<group>";
		};
		6836D7921D50836C00194ED9 /* Supporting Files */ = {
			isa = PBXGroup;
			children = (
				6836D7931D50836C00194ED9 /* main.m */,
			);
			name = "Supporting Files";
			sourceTree = "<group>";
		};
		6836D7AB1D50836C00194ED9 /* ShareCodeTests */ = {
			isa = PBXGroup;
			children = (
				6836D7AC1D50836C00194ED9 /* ShareCodeTests.m */,
				6836D7AE1D50836C00194ED9 /* Info.plist */,
			);
			path = ShareCodeTests;
			sourceTree = "<group>";
		};
		6836D7B61D50836D00194ED9 /* ShareCodeUITests */ = {
			isa = PBXGroup;
			children = (
				6836D7B71D50836D00194ED9 /* ShareCodeUITests.m */,
				6836D7B91D50836D00194ED9 /* Info.plist */,
			);
			path = ShareCodeUITests;
			sourceTree = "<group>";
		};
		6836D7C51D5085BB00194ED9 /* BaseClass */ = {
			isa = PBXGroup;
			children = (
				689953481D51F083000D2549 /* alertView */,
				689953411D51E9F9000D2549 /* CommonSetting */,
				682A424B1D51881500CE2723 /* SDLData.h */,
				682A424C1D51881500CE2723 /* SDLData.m */,
				681C42C31D50956800325612 /* AFNetworkTool.h */,
				681C42C41D50956800325612 /* AFNetworkTool.m */,
				682A423A1D517FD100CE2723 /* SDLPublicViewController.h */,
				682A423B1D517FD100CE2723 /* SDLPublicViewController.m */,
				689953471D51EAE7000D2549 /* PrefixHeader.pch */,
			);
			path = BaseClass;
			sourceTree = "<group>";
		};
		6836D7C61D5085BB00194ED9 /* PublicView */ = {
			isa = PBXGroup;
			children = (
				682A42441D5187B000CE2723 /* Login */,
			);
			path = PublicView;
			sourceTree = "<group>";
		};
		689953411D51E9F9000D2549 /* CommonSetting */ = {
			isa = PBXGroup;
			children = (
				689953421D51E9F9000D2549 /* LxDBAnything.h */,
				689953431D51E9F9000D2549 /* QFCodeShareInit.h */,
				689953441D51E9F9000D2549 /* QFCodeShareInit.m */,
				689953451D51E9F9000D2549 /* QFCommonSetting.h */,
			);
			path = CommonSetting;
			sourceTree = "<group>";
		};
		689953481D51F083000D2549 /* alertView */ = {
			isa = PBXGroup;
			children = (
				689953491D51F083000D2549 /* TAlertView.h */,
				6899534A1D51F083000D2549 /* TAlertView.m */,
				6899534B1D51F083000D2549 /* UIScrollView+_DScrollView.h */,
				6899534C1D51F083000D2549 /* UIScrollView+_DScrollView.m */,
			);
			path = alertView;
			sourceTree = "<group>";
		};
		6F0865C4A4388327DA4D5818 /* Frameworks */ = {
			isa = PBXGroup;
			children = (
				1E58015A0ECF28FE0A3DC8EE /* libPods-ShareCode.a */,
				5755AEE77F31D1F5E4785402 /* libPods-ShareCodeTests.a */,
				B9A0CC24566BEC366F26630E /* libPods-ShareCodeUITests.a */,
			);
			name = Frameworks;
			sourceTree = "<group>";
		};
		9C8964CFAC03B885958B2D6C /* Pods */ = {
			isa = PBXGroup;
			children = (
				087B97A582E3B185F7C98A79 /* Pods-ShareCode.debug.xcconfig */,
				F7E753C296B9913BC8654029 /* Pods-ShareCode.release.xcconfig */,
				5976013A321CAD4B75A28718 /* Pods-ShareCodeTests.debug.xcconfig */,
				30FD21A2E242764679834A06 /* Pods-ShareCodeTests.release.xcconfig */,
				1206ABA57B3E503896FED333 /* Pods-ShareCodeUITests.debug.xcconfig */,
				BFF852B30F0E19E2FE5FE8FB /* Pods-ShareCodeUITests.release.xcconfig */,
			);
			name = Pods;
			sourceTree = "<group>";
		};
/* End PBXGroup section */

/* Begin PBXNativeTarget section */
		6836D78E1D50836C00194ED9 /* ShareCode */ = {
			isa = PBXNativeTarget;
			buildConfigurationList = 6836D7BC1D50836D00194ED9 /* Build configuration list for PBXNativeTarget "ShareCode" */;
			buildPhases = (
				0A6A82C2D25CA597DC578BBE /* [CP] Check Pods Manifest.lock */,
				6836D78B1D50836C00194ED9 /* Sources */,
				6836D78C1D50836C00194ED9 /* Frameworks */,
				6836D78D1D50836C00194ED9 /* Resources */,
				C7D83582B80EECB3BC3735AB /* [CP] Embed Pods Frameworks */,
				BEB4413887D7B0659BE3F3E9 /* [CP] Copy Pods Resources */,
			);
			buildRules = (
			);
			dependencies = (
			);
			name = ShareCode;
			productName = ShareCode;
			productReference = 6836D78F1D50836C00194ED9 /* ShareCode.app */;
			productType = "com.apple.product-type.application";
		};
		6836D7A71D50836C00194ED9 /* ShareCodeTests */ = {
			isa = PBXNativeTarget;
			buildConfigurationList = 6836D7BF1D50836D00194ED9 /* Build configuration list for PBXNativeTarget "ShareCodeTests" */;
			buildPhases = (
				C7F92C886F7BA26127C592D7 /* [CP] Check Pods Manifest.lock */,
				6836D7A41D50836C00194ED9 /* Sources */,
				6836D7A51D50836C00194ED9 /* Frameworks */,
				6836D7A61D50836C00194ED9 /* Resources */,
				1D173790DA0789CFF4F2E5C5 /* [CP] Embed Pods Frameworks */,
				654BE2A40938041642E54EE6 /* [CP] Copy Pods Resources */,
			);
			buildRules = (
			);
			dependencies = (
				6836D7AA1D50836C00194ED9 /* PBXTargetDependency */,
			);
			name = ShareCodeTests;
			productName = ShareCodeTests;
			productReference = 6836D7A81D50836C00194ED9 /* ShareCodeTests.xctest */;
			productType = "com.apple.product-type.bundle.unit-test";
		};
		6836D7B21D50836C00194ED9 /* ShareCodeUITests */ = {
			isa = PBXNativeTarget;
			buildConfigurationList = 6836D7C21D50836D00194ED9 /* Build configuration list for PBXNativeTarget "ShareCodeUITests" */;
			buildPhases = (
				4EEB376B942F264030F33CCA /* [CP] Check Pods Manifest.lock */,
				6836D7AF1D50836C00194ED9 /* Sources */,
				6836D7B01D50836C00194ED9 /* Frameworks */,
				6836D7B11D50836C00194ED9 /* Resources */,
				EEBF70448DF56C4A4C336CA8 /* [CP] Copy Pods Resources */,
			);
			buildRules = (
			);
			dependencies = (
				6836D7B51D50836C00194ED9 /* PBXTargetDependency */,
			);
			name = ShareCodeUITests;
			productName = ShareCodeUITests;
			productReference = 6836D7B31D50836C00194ED9 /* ShareCodeUITests.xctest */;
			productType = "com.apple.product-type.bundle.ui-testing";
		};
/* End PBXNativeTarget section */

/* Begin PBXProject section */
		6836D7871D50836C00194ED9 /* Project object */ = {
			isa = PBXProject;
			attributes = {
				LastUpgradeCheck = 0700;
				ORGANIZATIONNAME = songdongliang_sdl;
				TargetAttributes = {
					6836D78E1D50836C00194ED9 = {
						CreatedOnToolsVersion = 7.0;
						DevelopmentTeam = WEDSJX26ZM;
					};
					6836D7A71D50836C00194ED9 = {
						CreatedOnToolsVersion = 7.0;
						DevelopmentTeam = WEDSJX26ZM;
						TestTargetID = 6836D78E1D50836C00194ED9;
					};
					6836D7B21D50836C00194ED9 = {
						CreatedOnToolsVersion = 7.0;
						DevelopmentTeam = WEDSJX26ZM;
						TestTargetID = 6836D78E1D50836C00194ED9;
					};
				};
			};
			buildConfigurationList = 6836D78A1D50836C00194ED9 /* Build configuration list for PBXProject "ShareCode" */;
			compatibilityVersion = "Xcode 3.2";
			developmentRegion = English;
			hasScannedForEncodings = 0;
			knownRegions = (
				en,
				Base,
			);
			mainGroup = 6836D7861D50836C00194ED9;
			productRefGroup = 6836D7901D50836C00194ED9 /* Products */;
			projectDirPath = "";
			projectRoot = "";
			targets = (
				6836D78E1D50836C00194ED9 /* ShareCode */,
				6836D7A71D50836C00194ED9 /* ShareCodeTests */,
				6836D7B21D50836C00194ED9 /* ShareCodeUITests */,
			);
		};
/* End PBXProject section */

/* Begin PBXResourcesBuildPhase section */
		6836D78D1D50836C00194ED9 /* Resources */ = {
			isa = PBXResourcesBuildPhase;
			buildActionMask = 2147483647;
			files = (
				6836D7A21D50836C00194ED9 /* LaunchScreen.storyboard in Resources */,
				6836D79F1D50836C00194ED9 /* Assets.xcassets in Resources */,
				6836D79D1D50836C00194ED9 /* Main.storyboard in Resources */,
			);
			runOnlyForDeploymentPostprocessing = 0;
		};
		6836D7A61D50836C00194ED9 /* Resources */ = {
			isa = PBXResourcesBuildPhase;
			buildActionMask = 2147483647;
			files = (
			);
			runOnlyForDeploymentPostprocessing = 0;
		};
		6836D7B11D50836C00194ED9 /* Resources */ = {
			isa = PBXResourcesBuildPhase;
			buildActionMask = 2147483647;
			files = (
			);
			runOnlyForDeploymentPostprocessing = 0;
		};
/* End PBXResourcesBuildPhase section */

/* Begin PBXShellScriptBuildPhase section */
		0A6A82C2D25CA597DC578BBE /* [CP] Check Pods Manifest.lock */ = {
			isa = PBXShellScriptBuildPhase;
			buildActionMask = 2147483647;
			files = (
			);
			inputPaths = (
			);
			name = "[CP] Check Pods Manifest.lock";
			outputPaths = (
			);
			runOnlyForDeploymentPostprocessing = 0;
			shellPath = /bin/sh;
			shellScript = "diff \"${PODS_ROOT}/../Podfile.lock\" \"${PODS_ROOT}/Manifest.lock\" > /dev/null\nif [[ $? != 0 ]] ; then\n    cat << EOM\nerror: The sandbox is not in sync with the Podfile.lock. Run 'pod install' or update your CocoaPods installation.\nEOM\n    exit 1\nfi\n";
			showEnvVarsInLog = 0;
		};
		1D173790DA0789CFF4F2E5C5 /* [CP] Embed Pods Frameworks */ = {
			isa = PBXShellScriptBuildPhase;
			buildActionMask = 2147483647;
			files = (
			);
			inputPaths = (
			);
			name = "[CP] Embed Pods Frameworks";
			outputPaths = (
			);
			runOnlyForDeploymentPostprocessing = 0;
			shellPath = /bin/sh;
			shellScript = "\"${SRCROOT}/Pods/Target Support Files/Pods-ShareCodeTests/Pods-ShareCodeTests-frameworks.sh\"\n";
			showEnvVarsInLog = 0;
		};
		4EEB376B942F264030F33CCA /* [CP] Check Pods Manifest.lock */ = {
			isa = PBXShellScriptBuildPhase;
			buildActionMask = 2147483647;
			files = (
			);
			inputPaths = (
			);
			name = "[CP] Check Pods Manifest.lock";
			outputPaths = (
			);
			runOnlyForDeploymentPostprocessing = 0;
			shellPath = /bin/sh;
			shellScript = "diff \"${PODS_ROOT}/../Podfile.lock\" \"${PODS_ROOT}/Manifest.lock\" > /dev/null\nif [[ $? != 0 ]] ; then\n    cat << EOM\nerror: The sandbox is not in sync with the Podfile.lock. Run 'pod install' or update your CocoaPods installation.\nEOM\n    exit 1\nfi\n";
			showEnvVarsInLog = 0;
		};
		654BE2A40938041642E54EE6 /* [CP] Copy Pods Resources */ = {
			isa = PBXShellScriptBuildPhase;
			buildActionMask = 2147483647;
			files = (
			);
			inputPaths = (
			);
			name = "[CP] Copy Pods Resources";
			outputPaths = (
			);
			runOnlyForDeploymentPostprocessing = 0;
			shellPath = /bin/sh;
			shellScript = "\"${SRCROOT}/Pods/Target Support Files/Pods-ShareCodeTests/Pods-ShareCodeTests-resources.sh\"\n";
			showEnvVarsInLog = 0;
		};
		BEB4413887D7B0659BE3F3E9 /* [CP] Copy Pods Resources */ = {
			isa = PBXShellScriptBuildPhase;
			buildActionMask = 2147483647;
			files = (
			);
			inputPaths = (
			);
			name = "[CP] Copy Pods Resources";
			outputPaths = (
			);
			runOnlyForDeploymentPostprocessing = 0;
			shellPath = /bin/sh;
			shellScript = "\"${SRCROOT}/Pods/Target Support Files/Pods-ShareCode/Pods-ShareCode-resources.sh\"\n";
			showEnvVarsInLog = 0;
		};
		C7D83582B80EECB3BC3735AB /* [CP] Embed Pods Frameworks */ = {
			isa = PBXShellScriptBuildPhase;
			buildActionMask = 2147483647;
			files = (
			);
			inputPaths = (
			);
			name = "[CP] Embed Pods Frameworks";
			outputPaths = (
			);
			runOnlyForDeploymentPostprocessing = 0;
			shellPath = /bin/sh;
			shellScript = "\"${SRCROOT}/Pods/Target Support Files/Pods-ShareCode/Pods-ShareCode-frameworks.sh\"\n";
			showEnvVarsInLog = 0;
		};
		C7F92C886F7BA26127C592D7 /* [CP] Check Pods Manifest.lock */ = {
			isa = PBXShellScriptBuildPhase;
			buildActionMask = 2147483647;
			files = (
			);
			inputPaths = (
			);
			name = "[CP] Check Pods Manifest.lock";
			outputPaths = (
			);
			runOnlyForDeploymentPostprocessing = 0;
			shellPath = /bin/sh;
			shellScript = "diff \"${PODS_ROOT}/../Podfile.lock\" \"${PODS_ROOT}/Manifest.lock\" > /dev/null\nif [[ $? != 0 ]] ; then\n    cat << EOM\nerror: The sandbox is not in sync with the Podfile.lock. Run 'pod install' or update your CocoaPods installation.\nEOM\n    exit 1\nfi\n";
			showEnvVarsInLog = 0;
		};
		EEBF70448DF56C4A4C336CA8 /* [CP] Copy Pods Resources */ = {
			isa = PBXShellScriptBuildPhase;
			buildActionMask = 2147483647;
			files = (
			);
			inputPaths = (
			);
			name = "[CP] Copy Pods Resources";
			outputPaths = (
			);
			runOnlyForDeploymentPostprocessing = 0;
			shellPath = /bin/sh;
			shellScript = "\"${SRCROOT}/Pods/Target Support Files/Pods-ShareCodeUITests/Pods-ShareCodeUITests-resources.sh\"\n";
			showEnvVarsInLog = 0;
		};
/* End PBXShellScriptBuildPhase section */

/* Begin PBXSourcesBuildPhase section */
		6836D78B1D50836C00194ED9 /* Sources */ = {
			isa = PBXSourcesBuildPhase;
			buildActionMask = 2147483647;
			files = (
				682A43151D519DA900CE2723 /* UIImageView+Reflect.m in Sources */,
				682A424A1D5187B000CE2723 /* SDLUserModel.m in Sources */,
				682A43001D519DA900CE2723 /* UIAlertView+Block.m in Sources */,
				682A432F1D51C15C00CE2723 /* SDLForgetViewController.m in Sources */,
				682A42EF1D519DA900CE2723 /* NSDictionary+Merge.m in Sources */,
				682A43081D519DA900CE2723 /* UIImage+Blur.m in Sources */,
				682A42F11D519DA900CE2723 /* NSDictionary+URL.m in Sources */,
				6836D79A1D50836C00194ED9 /* ViewController.m in Sources */,
				682A432A1D519DA900CE2723 /* UIViewController+MJPopupViewController.m in Sources */,
				682A42F01D519DA900CE2723 /* NSDictionary+SafeAccess.m in Sources */,
				682A43101D519DA900CE2723 /* UIImage+Tint.m in Sources */,
				682A43011D519DA900CE2723 /* UIApplication+ApplicationSize.m in Sources */,
				682A42FC1D519DA900CE2723 /* NSString+Trims.m in Sources */,
				689953461D51E9F9000D2549 /* QFCodeShareInit.m in Sources */,
				682A430B1D519DA900CE2723 /* UIImage+Color.m in Sources */,
				681C42C51D50956800325612 /* AFNetworkTool.m in Sources */,
				682A430C1D519DA900CE2723 /* UIImage+FileName.m in Sources */,
				682A43141D519DA900CE2723 /* UIImageView+Letters.m in Sources */,
				682A42FD1D519DA900CE2723 /* NSString+UrlEncode.m in Sources */,
				682A43281D519DA900CE2723 /* UIViewController+BackButtonHandler.m in Sources */,
				682A430D1D519DA900CE2723 /* UIImage+FX.m in Sources */,
				682A430E1D519DA900CE2723 /* UIImage+Resize.m in Sources */,
				682A43321D51C3C700CE2723 /* SDLRegisterViewController.m in Sources */,
				682A42EC1D519DA900CE2723 /* NSDate+Reporting.m in Sources */,
				682A42F41D519DA900CE2723 /* NSObject+GCD.m in Sources */,
				682A43021D519DA900CE2723 /* UIApplication+Permissions.m in Sources */,
				682A42EE1D519DA900CE2723 /* NSDictionary+JSONString.m in Sources */,
				682A43111D519DA900CE2723 /* UIImageView+Addition.m in Sources */,
				6836D7971D50836C00194ED9 /* AppDelegate.m in Sources */,
				682A43251D519DA900CE2723 /* UIView+Shake.m in Sources */,
				682A431B1D519DA900CE2723 /* UINavigationItem+Margin.m in Sources */,
				682A43031D519DA900CE2723 /* UIButton+BackgroundColor.m in Sources */,
				682A431E1D519DA900CE2723 /* UIView+Animation.m in Sources */,
				682A43051D519DA900CE2723 /* UIButton+TouchAreaInsets.m in Sources */,
				682A42F21D519DA900CE2723 /* NSObject+AppInfo.m in Sources */,
				682A43131D519DA900CE2723 /* UIImageView+FaceAwareFill.m in Sources */,
				682A43071D519DA900CE2723 /* UIImage+Alpha.m in Sources */,
				682A423C1D517FD100CE2723 /* SDLPublicViewController.m in Sources */,
				682A43171D519DA900CE2723 /* UINavigationController+FDFullscreenPopGesture.m in Sources */,
				682A42F51D519DA900CE2723 /* NSObject+KVOBlocks.m in Sources */,
				682A43061D519DA900CE2723 /* UIControl+ActionBlocks.m in Sources */,
				682A430A1D519DA900CE2723 /* UIImage+Capture.m in Sources */,
				682A43221D519DA900CE2723 /* UIView+GestureCallback.m in Sources */,
				682A430F1D519DA900CE2723 /* UIImage+RoundedCorner.m in Sources */,
				682A42FE1D519DA900CE2723 /* NSTimer+Addition.m in Sources */,
				682A43261D519DA900CE2723 /* UIView+ViewController.m in Sources */,
				6836D7941D50836C00194ED9 /* main.m in Sources */,
				682A42FB1D519DA900CE2723 /* NSString+Size.m in Sources */,
				682A43241D519DA900CE2723 /* UIView+Shadow.m in Sources */,
				682A43211D519DA900CE2723 /* UIView+draggable.m in Sources */,
				682A42FF1D519DA900CE2723 /* NSTimer+Blocks.m in Sources */,
				682A431D1D519DA900CE2723 /* UITableViewCell+Config.m in Sources */,
				682A43121D519DA900CE2723 /* UIImageView+BetterFace.m in Sources */,
				682A42F71D519DA900CE2723 /* NSObject+Runtime.m in Sources */,
				682A43161D519DA900CE2723 /* UINavigationController+BATransitions.m in Sources */,
				682A432C1D519DA900CE2723 /* NSString+WPAttributedMarkup.m in Sources */,
				682A43201D519DA900CE2723 /* UIView+Borders.m in Sources */,
				682A43091D519DA900CE2723 /* UIImage+CalculatedSize.m in Sources */,
				682A43191D519DA900CE2723 /* UINavigationItem+Loading.m in Sources */,
				682A42ED1D519DA900CE2723 /* NSDate+Utilities.m in Sources */,
				6899534D1D51F083000D2549 /* TAlertView.m in Sources */,
				682A43041D519DA900CE2723 /* UIButton+Submitting.m in Sources */,
				6899534E1D51F083000D2549 /* UIScrollView+_DScrollView.m in Sources */,
				682A42EB1D519DA900CE2723 /* NSDate+Helper.m in Sources */,
				682A432B1D519DA900CE2723 /* NSMutableString+TagReplace.m in Sources */,
				682A42F81D519DA900CE2723 /* NSString+JsonValue.m in Sources */,
				682A42F91D519DA900CE2723 /* NSString+MD5.m in Sources */,
				682A42FA1D519DA900CE2723 /* NSString+RegexCategory.m in Sources */,
				682A42F61D519DA900CE2723 /* NSObject+Property.m in Sources */,
				682A431A1D519DA900CE2723 /* UINavigationItem+Lock.m in Sources */,
				682A42F31D519DA900CE2723 /* NSObject+AutoCoding.m in Sources */,
				682A43271D519DA900CE2723 /* UIView+Visuals.m in Sources */,
				682A42501D5188B000CE2723 /* SDLLoginViewController.m in Sources */,
				682A424D1D51881500CE2723 /* SDLData.m in Sources */,
				682A42EA1D519DA900CE2723 /* NSDate+Formatter.m in Sources */,
				682A43231D519DA900CE2723 /* UIView+Screenshot.m in Sources */,
				682A43181D519DA900CE2723 /* UINavigationController+JZExtension.m in Sources */,
				682A43291D519DA900CE2723 /* UIViewController+BackButtonItemTitle.m in Sources */,
			);
			runOnlyForDeploymentPostprocessing = 0;
		};
		6836D7A41D50836C00194ED9 /* Sources */ = {
			isa = PBXSourcesBuildPhase;
			buildActionMask = 2147483647;
			files = (
				6836D7AD1D50836C00194ED9 /* ShareCodeTests.m in Sources */,
			);
			runOnlyForDeploymentPostprocessing = 0;
		};
		6836D7AF1D50836C00194ED9 /* Sources */ = {
			isa = PBXSourcesBuildPhase;
			buildActionMask = 2147483647;
			files = (
				6836D7B81D50836D00194ED9 /* ShareCodeUITests.m in Sources */,
			);
			runOnlyForDeploymentPostprocessing = 0;
		};
/* End PBXSourcesBuildPhase section */

/* Begin PBXTargetDependency section */
		6836D7AA1D50836C00194ED9 /* PBXTargetDependency */ = {
			isa = PBXTargetDependency;
			target = 6836D78E1D50836C00194ED9 /* ShareCode */;
			targetProxy = 6836D7A91D50836C00194ED9 /* PBXContainerItemProxy */;
		};
		6836D7B51D50836C00194ED9 /* PBXTargetDependency */ = {
			isa = PBXTargetDependency;
			target = 6836D78E1D50836C00194ED9 /* ShareCode */;
			targetProxy = 6836D7B41D50836C00194ED9 /* PBXContainerItemProxy */;
		};
/* End PBXTargetDependency section */

/* Begin PBXVariantGroup section */
		6836D79B1D50836C00194ED9 /* Main.storyboard */ = {
			isa = PBXVariantGroup;
			children = (
				6836D79C1D50836C00194ED9 /* Base */,
			);
			name = Main.storyboard;
			sourceTree = "<group>";
		};
		6836D7A01D50836C00194ED9 /* LaunchScreen.storyboard */ = {
			isa = PBXVariantGroup;
			children = (
				6836D7A11D50836C00194ED9 /* Base */,
			);
			name = LaunchScreen.storyboard;
			sourceTree = "<group>";
		};
/* End PBXVariantGroup section */

/* Begin XCBuildConfiguration section */
		6836D7BA1D50836D00194ED9 /* Debug */ = {
			isa = XCBuildConfiguration;
			buildSettings = {
				ALWAYS_SEARCH_USER_PATHS = NO;
				CLANG_CXX_LANGUAGE_STANDARD = "gnu++0x";
				CLANG_CXX_LIBRARY = "libc++";
				CLANG_ENABLE_MODULES = YES;
				CLANG_ENABLE_OBJC_ARC = YES;
				CLANG_WARN_BOOL_CONVERSION = YES;
				CLANG_WARN_CONSTANT_CONVERSION = YES;
				CLANG_WARN_DIRECT_OBJC_ISA_USAGE = YES_ERROR;
				CLANG_WARN_EMPTY_BODY = YES;
				CLANG_WARN_ENUM_CONVERSION = YES;
				CLANG_WARN_INT_CONVERSION = YES;
				CLANG_WARN_OBJC_ROOT_CLASS = YES_ERROR;
				CLANG_WARN_UNREACHABLE_CODE = YES;
				CLANG_WARN__DUPLICATE_METHOD_MATCH = YES;
				"CODE_SIGN_IDENTITY[sdk=iphoneos*]" = "iPhone Developer";
				COPY_PHASE_STRIP = NO;
				DEBUG_INFORMATION_FORMAT = dwarf;
				ENABLE_STRICT_OBJC_MSGSEND = YES;
				ENABLE_TESTABILITY = YES;
				GCC_C_LANGUAGE_STANDARD = gnu99;
				GCC_DYNAMIC_NO_PIC = NO;
				GCC_NO_COMMON_BLOCKS = YES;
				GCC_OPTIMIZATION_LEVEL = 0;
				GCC_PREPROCESSOR_DEFINITIONS = (
					"DEBUG=1",
					"$(inherited)",
				);
				GCC_WARN_64_TO_32_BIT_CONVERSION = YES;
				GCC_WARN_ABOUT_RETURN_TYPE = YES_ERROR;
				GCC_WARN_UNDECLARED_SELECTOR = YES;
				GCC_WARN_UNINITIALIZED_AUTOS = YES_AGGRESSIVE;
				GCC_WARN_UNUSED_FUNCTION = YES;
				GCC_WARN_UNUSED_VARIABLE = YES;
				IPHONEOS_DEPLOYMENT_TARGET = 9.0;
				MTL_ENABLE_DEBUG_INFO = YES;
				ONLY_ACTIVE_ARCH = YES;
				SDKROOT = iphoneos;
				TARGETED_DEVICE_FAMILY = "1,2";
			};
			name = Debug;
		};
		6836D7BB1D50836D00194ED9 /* Release */ = {
			isa = XCBuildConfiguration;
			buildSettings = {
				ALWAYS_SEARCH_USER_PATHS = NO;
				CLANG_CXX_LANGUAGE_STANDARD = "gnu++0x";
				CLANG_CXX_LIBRARY = "libc++";
				CLANG_ENABLE_MODULES = YES;
				CLANG_ENABLE_OBJC_ARC = YES;
				CLANG_WARN_BOOL_CONVERSION = YES;
				CLANG_WARN_CONSTANT_CONVERSION = YES;
				CLANG_WARN_DIRECT_OBJC_ISA_USAGE = YES_ERROR;
				CLANG_WARN_EMPTY_BODY = YES;
				CLANG_WARN_ENUM_CONVERSION = YES;
				CLANG_WARN_INT_CONVERSION = YES;
				CLANG_WARN_OBJC_ROOT_CLASS = YES_ERROR;
				CLANG_WARN_UNREACHABLE_CODE = YES;
				CLANG_WARN__DUPLICATE_METHOD_MATCH = YES;
				"CODE_SIGN_IDENTITY[sdk=iphoneos*]" = "iPhone Developer";
				COPY_PHASE_STRIP = NO;
				DEBUG_INFORMATION_FORMAT = "dwarf-with-dsym";
				ENABLE_NS_ASSERTIONS = NO;
				ENABLE_STRICT_OBJC_MSGSEND = YES;
				GCC_C_LANGUAGE_STANDARD = gnu99;
				GCC_NO_COMMON_BLOCKS = YES;
				GCC_WARN_64_TO_32_BIT_CONVERSION = YES;
				GCC_WARN_ABOUT_RETURN_TYPE = YES_ERROR;
				GCC_WARN_UNDECLARED_SELECTOR = YES;
				GCC_WARN_UNINITIALIZED_AUTOS = YES_AGGRESSIVE;
				GCC_WARN_UNUSED_FUNCTION = YES;
				GCC_WARN_UNUSED_VARIABLE = YES;
				IPHONEOS_DEPLOYMENT_TARGET = 9.0;
				MTL_ENABLE_DEBUG_INFO = NO;
				SDKROOT = iphoneos;
				TARGETED_DEVICE_FAMILY = "1,2";
				VALIDATE_PRODUCT = YES;
			};
			name = Release;
		};
		6836D7BD1D50836D00194ED9 /* Debug */ = {
			isa = XCBuildConfiguration;
			baseConfigurationReference = 087B97A582E3B185F7C98A79 /* Pods-ShareCode.debug.xcconfig */;
			buildSettings = {
				ASSETCATALOG_COMPILER_APPICON_NAME = AppIcon;
				GCC_PREFIX_HEADER = "$(SRCROOT)/ShareCode/PrefixHeader.pch";
				INFOPLIST_FILE = ShareCode/Info.plist;
				LD_RUNPATH_SEARCH_PATHS = "$(inherited) @executable_path/Frameworks";
				PRODUCT_BUNDLE_IDENTIFIER = com.ShareCode;
				PRODUCT_NAME = "$(TARGET_NAME)";
			};
			name = Debug;
		};
		6836D7BE1D50836D00194ED9 /* Release */ = {
			isa = XCBuildConfiguration;
			baseConfigurationReference = F7E753C296B9913BC8654029 /* Pods-ShareCode.release.xcconfig */;
			buildSettings = {
				ASSETCATALOG_COMPILER_APPICON_NAME = AppIcon;
				GCC_PREFIX_HEADER = "$(SRCROOT)/ShareCode/PrefixHeader.pch";
				INFOPLIST_FILE = ShareCode/Info.plist;
				LD_RUNPATH_SEARCH_PATHS = "$(inherited) @executable_path/Frameworks";
				PRODUCT_BUNDLE_IDENTIFIER = com.ShareCode;
				PRODUCT_NAME = "$(TARGET_NAME)";
			};
			name = Release;
		};
		6836D7C01D50836D00194ED9 /* Debug */ = {
			isa = XCBuildConfiguration;
			baseConfigurationReference = 5976013A321CAD4B75A28718 /* Pods-ShareCodeTests.debug.xcconfig */;
			buildSettings = {
				BUNDLE_LOADER = "$(TEST_HOST)";
				INFOPLIST_FILE = ShareCodeTests/Info.plist;
				LD_RUNPATH_SEARCH_PATHS = "$(inherited) @executable_path/Frameworks @loader_path/Frameworks";
				PRODUCT_BUNDLE_IDENTIFIER = com.ShareCodeTests;
				PRODUCT_NAME = "$(TARGET_NAME)";
				TEST_HOST = "$(BUILT_PRODUCTS_DIR)/ShareCode.app/ShareCode";
			};
			name = Debug;
		};
		6836D7C11D50836D00194ED9 /* Release */ = {
			isa = XCBuildConfiguration;
			baseConfigurationReference = 30FD21A2E242764679834A06 /* Pods-ShareCodeTests.release.xcconfig */;
			buildSettings = {
				BUNDLE_LOADER = "$(TEST_HOST)";
				INFOPLIST_FILE = ShareCodeTests/Info.plist;
				LD_RUNPATH_SEARCH_PATHS = "$(inherited) @executable_path/Frameworks @loader_path/Frameworks";
				PRODUCT_BUNDLE_IDENTIFIER = com.ShareCodeTests;
				PRODUCT_NAME = "$(TARGET_NAME)";
				TEST_HOST = "$(BUILT_PRODUCTS_DIR)/ShareCode.app/ShareCode";
			};
			name = Release;
		};
		6836D7C31D50836D00194ED9 /* Debug */ = {
			isa = XCBuildConfiguration;
			baseConfigurationReference = 1206ABA57B3E503896FED333 /* Pods-ShareCodeUITests.debug.xcconfig */;
			buildSettings = {
				INFOPLIST_FILE = ShareCodeUITests/Info.plist;
				LD_RUNPATH_SEARCH_PATHS = "$(inherited) @executable_path/Frameworks @loader_path/Frameworks";
				PRODUCT_BUNDLE_IDENTIFIER = com.ShareCodeUITests;
				PRODUCT_NAME = "$(TARGET_NAME)";
				TEST_TARGET_NAME = ShareCode;
				USES_XCTRUNNER = YES;
			};
			name = Debug;
		};
		6836D7C41D50836D00194ED9 /* Release */ = {
			isa = XCBuildConfiguration;
			baseConfigurationReference = BFF852B30F0E19E2FE5FE8FB /* Pods-ShareCodeUITests.release.xcconfig */;
			buildSettings = {
				INFOPLIST_FILE = ShareCodeUITests/Info.plist;
				LD_RUNPATH_SEARCH_PATHS = "$(inherited) @executable_path/Frameworks @loader_path/Frameworks";
				PRODUCT_BUNDLE_IDENTIFIER = com.ShareCodeUITests;
				PRODUCT_NAME = "$(TARGET_NAME)";
				TEST_TARGET_NAME = ShareCode;
				USES_XCTRUNNER = YES;
			};
			name = Release;
		};
/* End XCBuildConfiguration section */

/* Begin XCConfigurationList section */
		6836D78A1D50836C00194ED9 /* Build configuration list for PBXProject "ShareCode" */ = {
			isa = XCConfigurationList;
			buildConfigurations = (
				6836D7BA1D50836D00194ED9 /* Debug */,
				6836D7BB1D50836D00194ED9 /* Release */,
			);
			defaultConfigurationIsVisible = 0;
			defaultConfigurationName = Release;
		};
		6836D7BC1D50836D00194ED9 /* Build configuration list for PBXNativeTarget "ShareCode" */ = {
			isa = XCConfigurationList;
			buildConfigurations = (
				6836D7BD1D50836D00194ED9 /* Debug */,
				6836D7BE1D50836D00194ED9 /* Release */,
			);
			defaultConfigurationIsVisible = 0;
			defaultConfigurationName = Release;
		};
		6836D7BF1D50836D00194ED9 /* Build configuration list for PBXNativeTarget "ShareCodeTests" */ = {
			isa = XCConfigurationList;
			buildConfigurations = (
				6836D7C01D50836D00194ED9 /* Debug */,
				6836D7C11D50836D00194ED9 /* Release */,
			);
			defaultConfigurationIsVisible = 0;
			defaultConfigurationName = Release;
		};
		6836D7C21D50836D00194ED9 /* Build configuration list for PBXNativeTarget "ShareCodeUITests" */ = {
			isa = XCConfigurationList;
			buildConfigurations = (
				6836D7C31D50836D00194ED9 /* Debug */,
				6836D7C41D50836D00194ED9 /* Release */,
			);
			defaultConfigurationIsVisible = 0;
			defaultConfigurationName = Release;
		};
/* End XCConfigurationList section */
	};
	rootObject = 6836D7871D50836C00194ED9 /* Project object */;
}
